// !$*UTF8*$!
{
	archiveVersion = 1;
	classes = {
	};
	objectVersion = 55;
	objects = {

/* Begin PBXBuildFile section */
		45C3756B3E41B14A82192230 /* Pods_Intermediate_05.framework in Frameworks */ = {isa = PBXBuildFile; fileRef = 7487987B9121593BAA385EC9 /* Pods_Intermediate_05.framework */; };
		C08D490B296122580035A01D /* AppDelegate.swift in Sources */ = {isa = PBXBuildFile; fileRef = C08D490A296122580035A01D /* AppDelegate.swift */; };
		C08D490D296122580035A01D /* SceneDelegate.swift in Sources */ = {isa = PBXBuildFile; fileRef = C08D490C296122580035A01D /* SceneDelegate.swift */; };
		C08D490F296122580035A01D /* ViewController.swift in Sources */ = {isa = PBXBuildFile; fileRef = C08D490E296122580035A01D /* ViewController.swift */; };
		C08D4912296122580035A01D /* Main.storyboard in Resources */ = {isa = PBXBuildFile; fileRef = C08D4910296122580035A01D /* Main.storyboard */; };
		C08D4914296122590035A01D /* Assets.xcassets in Resources */ = {isa = PBXBuildFile; fileRef = C08D4913296122590035A01D /* Assets.xcassets */; };
		C08D4917296122590035A01D /* LaunchScreen.storyboard in Resources */ = {isa = PBXBuildFile; fileRef = C08D4915296122590035A01D /* LaunchScreen.storyboard */; };
		C08D491F296125460035A01D /* GoogleService-Info.plist in Resources */ = {isa = PBXBuildFile; fileRef = C08D491E296125450035A01D /* GoogleService-Info.plist */; };
/* End PBXBuildFile section */

/* Begin PBXFileReference section */
		7487987B9121593BAA385EC9 /* Pods_Intermediate_05.framework */ = {isa = PBXFileReference; explicitFileType = wrapper.framework; includeInIndex = 0; path = Pods_Intermediate_05.framework; sourceTree = BUILT_PRODUCTS_DIR; };
		BFE38C89ED07FF8EC499A7BB /* Pods-Intermediate_05.debug.xcconfig */ = {isa = PBXFileReference; includeInIndex = 1; lastKnownFileType = text.xcconfig; name = "Pods-Intermediate_05.debug.xcconfig"; path = "Target Support Files/Pods-Intermediate_05/Pods-Intermediate_05.debug.xcconfig"; sourceTree = "<group>"; };
		C08D4907296122580035A01D /* Intermediate_05.app */ = {isa = PBXFileReference; explicitFileType = wrapper.application; includeInIndex = 0; path = Intermediate_05.app; sourceTree = BUILT_PRODUCTS_DIR; };
		C08D490A296122580035A01D /* AppDelegate.swift */ = {isa = PBXFileReference; lastKnownFileType = sourcecode.swift; path = AppDelegate.swift; sourceTree = "<group>"; };
		C08D490C296122580035A01D /* SceneDelegate.swift */ = {isa = PBXFileReference; lastKnownFileType = sourcecode.swift; path = SceneDelegate.swift; sourceTree = "<group>"; };
		C08D490E296122580035A01D /* ViewController.swift */ = {isa = PBXFileReference; lastKnownFileType = sourcecode.swift; path = ViewController.swift; sourceTree = "<group>"; };
		C08D4911296122580035A01D /* Base */ = {isa = PBXFileReference; lastKnownFileType = file.storyboard; name = Base; path = Base.lproj/Main.storyboard; sourceTree = "<group>"; };
		C08D4913296122590035A01D /* Assets.xcassets */ = {isa = PBXFileReference; lastKnownFileType = folder.assetcatalog; path = Assets.xcassets; sourceTree = "<group>"; };
		C08D4916296122590035A01D /* Base */ = {isa = PBXFileReference; lastKnownFileType = file.storyboard; name = Base; path = Base.lproj/LaunchScreen.storyboard; sourceTree = "<group>"; };
		C08D4918296122590035A01D /* Info.plist */ = {isa = PBXFileReference; lastKnownFileType = text.plist.xml; path = Info.plist; sourceTree = "<group>"; };
		C08D491E296125450035A01D /* GoogleService-Info.plist */ = {isa = PBXFileReference; fileEncoding = 4; lastKnownFileType = text.plist.xml; path = "GoogleService-Info.plist"; sourceTree = "<group>"; };
		C4F88E712FF16889186D3D95 /* Pods-Intermediate_05.release.xcconfig */ = {isa = PBXFileReference; includeInIndex = 1; lastKnownFileType = text.xcconfig; name = "Pods-Intermediate_05.release.xcconfig"; path = "Target Support Files/Pods-Intermediate_05/Pods-Intermediate_05.release.xcconfig"; sourceTree = "<group>"; };
/* End PBXFileReference section */

/* Begin PBXFrameworksBuildPhase section */
		C08D4904296122580035A01D /* Frameworks */ = {
			isa = PBXFrameworksBuildPhase;
			buildActionMask = 2147483647;
			files = (
				45C3756B3E41B14A82192230 /* Pods_Intermediate_05.framework in Frameworks */,
			);
			runOnlyForDeploymentPostprocessing = 0;
		};
/* End PBXFrameworksBuildPhase section */

/* Begin PBXGroup section */
		1864BBEB5DE272D05CA204E1 /* Frameworks */ = {
			isa = PBXGroup;
			children = (
				7487987B9121593BAA385EC9 /* Pods_Intermediate_05.framework */,
			);
			name = Frameworks;
			sourceTree = "<group>";
		};
		C08D48FE296122580035A01D = {
			isa = PBXGroup;
			children = (
				C08D4909296122580035A01D /* Intermediate_05 */,
				C08D4908296122580035A01D /* Products */,
				F544C4D9FBAD587CAD43B054 /* Pods */,
				1864BBEB5DE272D05CA204E1 /* Frameworks */,
			);
			sourceTree = "<group>";
		};
		C08D4908296122580035A01D /* Products */ = {
			isa = PBXGroup;
			children = (
				C08D4907296122580035A01D /* Intermediate_05.app */,
			);
			name = Products;
			sourceTree = "<group>";
		};
		C08D4909296122580035A01D /* Intermediate_05 */ = {
			isa = PBXGroup;
			children = (
				C08D490A296122580035A01D /* AppDelegate.swift */,
				C08D490C296122580035A01D /* SceneDelegate.swift */,
				C08D490E296122580035A01D /* ViewController.swift */,
				C08D4910296122580035A01D /* Main.storyboard */,
				C08D4913296122590035A01D /* Assets.xcassets */,
				C08D4915296122590035A01D /* LaunchScreen.storyboard */,
				C08D4918296122590035A01D /* Info.plist */,
				C08D491E296125450035A01D /* GoogleService-Info.plist */,
			);
			path = Intermediate_05;
			sourceTree = "<group>";
		};
		F544C4D9FBAD587CAD43B054 /* Pods */ = {
			isa = PBXGroup;
			children = (
				BFE38C89ED07FF8EC499A7BB /* Pods-Intermediate_05.debug.xcconfig */,
				C4F88E712FF16889186D3D95 /* Pods-Intermediate_05.release.xcconfig */,
			);
			name = Pods;
			path = Pods;
			sourceTree = "<group>";
		};
/* End PBXGroup section */

/* Begin PBXNativeTarget section */
		C08D4906296122580035A01D /* Intermediate_05 */ = {
			isa = PBXNativeTarget;
			buildConfigurationList = C08D491B296122590035A01D /* Build configuration list for PBXNativeTarget "Intermediate_05" */;
			buildPhases = (
				DCEA1BCC14D18AACE4088BF0 /* [CP] Check Pods Manifest.lock */,
				C08D4903296122580035A01D /* Sources */,
				C08D4904296122580035A01D /* Frameworks */,
				C08D4905296122580035A01D /* Resources */,
				A958FCD7329902171B96A0C6 /* [CP] Embed Pods Frameworks */,
			);
			buildRules = (
			);
			dependencies = (
			);
			name = Intermediate_05;
			productName = Intermediate_05;
			productReference = C08D4907296122580035A01D /* Intermediate_05.app */;
			productType = "com.apple.product-type.application";
		};
/* End PBXNativeTarget section */

/* Begin PBXProject section */
		C08D48FF296122580035A01D /* Project object */ = {
			isa = PBXProject;
			attributes = {
				BuildIndependentTargetsInParallel = 1;
				LastSwiftUpdateCheck = 1420;
				LastUpgradeCheck = 1420;
				TargetAttributes = {
					C08D4906296122580035A01D = {
						CreatedOnToolsVersion = 14.2;
					};
				};
			};
			buildConfigurationList = C08D4902296122580035A01D /* Build configuration list for PBXProject "Intermediate_05" */;
			compatibilityVersion = "Xcode 13.0";
			developmentRegion = en;
			hasScannedForEncodings = 0;
			knownRegions = (
				en,
				Base,
			);
			mainGroup = C08D48FE296122580035A01D;
			productRefGroup = C08D4908296122580035A01D /* Products */;
			projectDirPath = "";
			projectRoot = "";
			targets = (
				C08D4906296122580035A01D /* Intermediate_05 */,
			);
		};
/* End PBXProject section */

/* Begin PBXResourcesBuildPhase section */
		C08D4905296122580035A01D /* Resources */ = {
			isa = PBXResourcesBuildPhase;
			buildActionMask = 2147483647;
			files = (
				C08D4917296122590035A01D /* LaunchScreen.storyboard in Resources */,
				C08D491F296125460035A01D /* GoogleService-Info.plist in Resources */,
				C08D4914296122590035A01D /* Assets.xcassets in Resources */,
				C08D4912296122580035A01D /* Main.storyboard in Resources */,
			);
			runOnlyForDeploymentPostprocessing = 0;
		};
/* End PBXResourcesBuildPhase section */

/* Begin PBXShellScriptBuildPhase section */
		A958FCD7329902171B96A0C6 /* [CP] Embed Pods Frameworks */ = {
			isa = PBXShellScriptBuildPhase;
			buildActionMask = 2147483647;
			files = (
			);
			inputFileListPaths = (
				"${PODS_ROOT}/Target Support Files/Pods-Intermediate_05/Pods-Intermediate_05-frameworks-${CONFIGURATION}-input-files.xcfilelist",
			);
			name = "[CP] Embed Pods Frameworks";
			outputFileListPaths = (
				"${PODS_ROOT}/Target Support Files/Pods-Intermediate_05/Pods-Intermediate_05-frameworks-${CONFIGURATION}-output-files.xcfilelist",
			);
			runOnlyForDeploymentPostprocessing = 0;
			shellPath = /bin/sh;
			shellScript = "\"${PODS_ROOT}/Target Support Files/Pods-Intermediate_05/Pods-Intermediate_05-frameworks.sh\"\n";
			showEnvVarsInLog = 0;
		};
		DCEA1BCC14D18AACE4088BF0 /* [CP] Check Pods Manifest.lock */ = {
			isa = PBXShellScriptBuildPhase;
			buildActionMask = 2147483647;
			files = (
			);
			inputFileListPaths = (
			);
			inputPaths = (
				"${PODS_PODFILE_DIR_PATH}/Podfile.lock",
				"${PODS_ROOT}/Manifest.lock",
			);
			name = "[CP] Check Pods Manifest.lock";
			outputFileListPaths = (
			);
			outputPaths = (
				"$(DERIVED_FILE_DIR)/Pods-Intermediate_05-checkManifestLockResult.txt",
			);
			runOnlyForDeploymentPostprocessing = 0;
			shellPath = /bin/sh;
			shellScript = "diff \"${PODS_PODFILE_DIR_PATH}/Podfile.lock\" \"${PODS_ROOT}/Manifest.lock\" > /dev/null\nif [ $? != 0 ] ; then\n    # print error to STDERR\n    echo \"error: The sandbox is not in sync with the Podfile.lock. Run 'pod install' or update your CocoaPods installation.\" >&2\n    exit 1\nfi\n# This output is used by Xcode 'outputs' to avoid re-running this script phase.\necho \"SUCCESS\" > \"${SCRIPT_OUTPUT_FILE_0}\"\n";
			showEnvVarsInLog = 0;
		};
/* End PBXShellScriptBuildPhase section */

/* Begin PBXSourcesBuildPhase section */
		C08D4903296122580035A01D /* Sources */ = {
			isa = PBXSourcesBuildPhase;
			buildActionMask = 2147483647;
			files = (
				C08D490F296122580035A01D /* ViewController.swift in Sources */,
				C08D490B296122580035A01D /* AppDelegate.swift in Sources */,
				C08D490D296122580035A01D /* SceneDelegate.swift in Sources */,
			);
			runOnlyForDeploymentPostprocessing = 0;
		};
/* End PBXSourcesBuildPhase section */

/* Begin PBXVariantGroup section */
		C08D4910296122580035A01D /* Main.storyboard */ = {
			isa = PBXVariantGroup;
			children = (
				C08D4911296122580035A01D /* Base */,
			);
			name = Main.storyboard;
			sourceTree = "<group>";
		};
		C08D4915296122590035A01D /* LaunchScreen.storyboard */ = {
			isa = PBXVariantGroup;
			children = (
				C08D4916296122590035A01D /* Base */,
			);
			name = LaunchScreen.storyboard;
			sourceTree = "<group>";
		};
/* End PBXVariantGroup section */

/* Begin XCBuildConfiguration section */
		C08D4919296122590035A01D /* Debug */ = {
			isa = XCBuildConfiguration;
			buildSettings = {
				ALWAYS_SEARCH_USER_PATHS = NO;
				CLANG_ANALYZER_NONNULL = YES;
				CLANG_ANALYZER_NUMBER_OBJECT_CONVERSION = YES_AGGRESSIVE;
				CLANG_CXX_LANGUAGE_STANDARD = "gnu++20";
				CLANG_ENABLE_MODULES = YES;
				CLANG_ENABLE_OBJC_ARC = YES;
				CLANG_ENABLE_OBJC_WEAK = YES;
				CLANG_WARN_BLOCK_CAPTURE_AUTORELEASING = YES;
				CLANG_WARN_BOOL_CONVERSION = YES;
				CLANG_WARN_COMMA = YES;
				CLANG_WARN_CONSTANT_CONVERSION = YES;
				CLANG_WARN_DEPRECATED_OBJC_IMPLEMENTATIONS = YES;
				CLANG_WARN_DIRECT_OBJC_ISA_USAGE = YES_ERROR;
				CLANG_WARN_DOCUMENTATION_COMMENTS = YES;
				CLANG_WARN_EMPTY_BODY = YES;
				CLANG_WARN_ENUM_CONVERSION = YES;
				CLANG_WARN_INFINITE_RECURSION = YES;
				CLANG_WARN_INT_CONVERSION = YES;
				CLANG_WARN_NON_LITERAL_NULL_CONVERSION = YES;
				CLANG_WARN_OBJC_IMPLICIT_RETAIN_SELF = YES;
				CLANG_WARN_OBJC_LITERAL_CONVERSION = YES;
				CLANG_WARN_OBJC_ROOT_CLASS = YES_ERROR;
				CLANG_WARN_QUOTED_INCLUDE_IN_FRAMEWORK_HEADER = YES;
				CLANG_WARN_RANGE_LOOP_ANALYSIS = YES;
				CLANG_WARN_STRICT_PROTOTYPES = YES;
				CLANG_WARN_SUSPICIOUS_MOVE = YES;
				CLANG_WARN_UNGUARDED_AVAILABILITY = YES_AGGRESSIVE;
				CLANG_WARN_UNREACHABLE_CODE = YES;
				CLANG_WARN__DUPLICATE_METHOD_MATCH = YES;
				COPY_PHASE_STRIP = NO;
				DEBUG_INFORMATION_FORMAT = dwarf;
				ENABLE_STRICT_OBJC_MSGSEND = YES;
				ENABLE_TESTABILITY = YES;
				GCC_C_LANGUAGE_STANDARD = gnu11;
				GCC_DYNAMIC_NO_PIC = NO;
				GCC_NO_COMMON_BLOCKS = YES;
				GCC_OPTIMIZATION_LEVEL = 0;
				GCC_PREPROCESSOR_DEFINITIONS = (
					"DEBUG=1",
					"$(inherited)",
				);
				GCC_WARN_64_TO_32_BIT_CONVERSION = YES;
				GCC_WARN_ABOUT_RETURN_TYPE = YES_ERROR;
				GCC_WARN_UNDECLARED_SELECTOR = YES;
				GCC_WARN_UNINITIALIZED_AUTOS = YES_AGGRESSIVE;
				GCC_WARN_UNUSED_FUNCTION = YES;
				GCC_WARN_UNUSED_VARIABLE = YES;
				IPHONEOS_DEPLOYMENT_TARGET = 16.2;
				MTL_ENABLE_DEBUG_INFO = INCLUDE_SOURCE;
				MTL_FAST_MATH = YES;
				ONLY_ACTIVE_ARCH = YES;
				SDKROOT = iphoneos;
				SWIFT_ACTIVE_COMPILATION_CONDITIONS = DEBUG;
				SWIFT_OPTIMIZATION_LEVEL = "-Onone";
			};
			name = Debug;
		};
		C08D491A296122590035A01D /* Release */ = {
			isa = XCBuildConfiguration;
			buildSettings = {
				ALWAYS_SEARCH_USER_PATHS = NO;
				CLANG_ANALYZER_NONNULL = YES;
				CLANG_ANALYZER_NUMBER_OBJECT_CONVERSION = YES_AGGRESSIVE;
				CLANG_CXX_LANGUAGE_STANDARD = "gnu++20";
				CLANG_ENABLE_MODULES = YES;
				CLANG_ENABLE_OBJC_ARC = YES;
				CLANG_ENABLE_OBJC_WEAK = YES;
				CLANG_WARN_BLOCK_CAPTURE_AUTORELEASING = YES;
				CLANG_WARN_BOOL_CONVERSION = YES;
				CLANG_WARN_COMMA = YES;
				CLANG_WARN_CONSTANT_CONVERSION = YES;
				CLANG_WARN_DEPRECATED_OBJC_IMPLEMENTATIONS = YES;
				CLANG_WARN_DIRECT_OBJC_ISA_USAGE = YES_ERROR;
				CLANG_WARN_DOCUMENTATION_COMMENTS = YES;
				CLANG_WARN_EMPTY_BODY = YES;
				CLANG_WARN_ENUM_CONVERSION = YES;
				CLANG_WARN_INFINITE_RECURSION = YES;
				CLANG_WARN_INT_CONVERSION = YES;
				CLANG_WARN_NON_LITERAL_NULL_CONVERSION = YES;
				CLANG_WARN_OBJC_IMPLICIT_RETAIN_SELF = YES;
				CLANG_WARN_OBJC_LITERAL_CONVERSION = YES;
				CLANG_WARN_OBJC_ROOT_CLASS = YES_ERROR;
				CLANG_WARN_QUOTED_INCLUDE_IN_FRAMEWORK_HEADER = YES;
				CLANG_WARN_RANGE_LOOP_ANALYSIS = YES;
				CLANG_WARN_STRICT_PROTOTYPES = YES;
				CLANG_WARN_SUSPICIOUS_MOVE = YES;
				CLANG_WARN_UNGUARDED_AVAILABILITY = YES_AGGRESSIVE;
				CLANG_WARN_UNREACHABLE_CODE = YES;
				CLANG_WARN__DUPLICATE_METHOD_MATCH = YES;
				COPY_PHASE_STRIP = NO;
				DEBUG_INFORMATION_FORMAT = "dwarf-with-dsym";
				ENABLE_NS_ASSERTIONS = NO;
				ENABLE_STRICT_OBJC_MSGSEND = YES;
				GCC_C_LANGUAGE_STANDARD = gnu11;
				GCC_NO_COMMON_BLOCKS = YES;
				GCC_WARN_64_TO_32_BIT_CONVERSION = YES;
				GCC_WARN_ABOUT_RETURN_TYPE = YES_ERROR;
				GCC_WARN_UNDECLARED_SELECTOR = YES;
				GCC_WARN_UNINITIALIZED_AUTOS = YES_AGGRESSIVE;
				GCC_WARN_UNUSED_FUNCTION = YES;
				GCC_WARN_UNUSED_VARIABLE = YES;
				IPHONEOS_DEPLOYMENT_TARGET = 16.2;
				MTL_ENABLE_DEBUG_INFO = NO;
				MTL_FAST_MATH = YES;
				SDKROOT = iphoneos;
				SWIFT_COMPILATION_MODE = wholemodule;
				SWIFT_OPTIMIZATION_LEVEL = "-O";
				VALIDATE_PRODUCT = YES;
			};
			name = Release;
		};
		C08D491C296122590035A01D /* Debug */ = {
			isa = XCBuildConfiguration;
			baseConfigurationReference = BFE38C89ED07FF8EC499A7BB /* Pods-Intermediate_05.debug.xcconfig */;
			buildSettings = {
				ASSETCATALOG_COMPILER_APPICON_NAME = AppIcon;
				ASSETCATALOG_COMPILER_GLOBAL_ACCENT_COLOR_NAME = AccentColor;
				CODE_SIGN_STYLE = Automatic;
				CURRENT_PROJECT_VERSION = 1;
				DEVELOPMENT_TEAM = N4P48JMYVV;
				GENERATE_INFOPLIST_FILE = YES;
				INFOPLIST_FILE = Intermediate_05/Info.plist;
				INFOPLIST_KEY_UIApplicationSupportsIndirectInputEvents = YES;
				INFOPLIST_KEY_UILaunchStoryboardName = LaunchScreen;
				INFOPLIST_KEY_UIMainStoryboardFile = Main;
				INFOPLIST_KEY_UISupportedInterfaceOrientations_iPad = "UIInterfaceOrientationPortrait UIInterfaceOrientationPortraitUpsideDown UIInterfaceOrientationLandscapeLeft UIInterfaceOrientationLandscapeRight";
				INFOPLIST_KEY_UISupportedInterfaceOrientations_iPhone = "UIInterfaceOrientationPortrait UIInterfaceOrientationLandscapeLeft UIInterfaceOrientationLandscapeRight";
				LD_RUNPATH_SEARCH_PATHS = (
					"$(inherited)",
					"@executable_path/Frameworks",
				);
				MARKETING_VERSION = 1.0;
				PRODUCT_BUNDLE_IDENTIFIER = "kodo.Intermediate-05";
				PRODUCT_NAME = "$(TARGET_NAME)";
				SWIFT_EMIT_LOC_STRINGS = YES;
				SWIFT_VERSION = 5.0;
				TARGETED_DEVICE_FAMILY = "1,2";
			};
			name = Debug;
		};
		C08D491D296122590035A01D /* Release */ = {
			isa = XCBuildConfiguration;
			baseConfigurationReference = C4F88E712FF16889186D3D95 /* Pods-Intermediate_05.release.xcconfig */;
			buildSettings = {
				ASSETCATALOG_COMPILER_APPICON_NAME = AppIcon;
				ASSETCATALOG_COMPILER_GLOBAL_ACCENT_COLOR_NAME = AccentColor;
				CODE_SIGN_STYLE = Automatic;
				CURRENT_PROJECT_VERSION = 1;
				DEVELOPMENT_TEAM = N4P48JMYVV;
				GENERATE_INFOPLIST_FILE = YES;
				INFOPLIST_FILE = Intermediate_05/Info.plist;
				INFOPLIST_KEY_UIApplicationSupportsIndirectInputEvents = YES;
				INFOPLIST_KEY_UILaunchStoryboardName = LaunchScreen;
				INFOPLIST_KEY_UIMainStoryboardFile = Main;
				INFOPLIST_KEY_UISupportedInterfaceOrientations_iPad = "UIInterfaceOrientationPortrait UIInterfaceOrientationPortraitUpsideDown UIInterfaceOrientationLandscapeLeft UIInterfaceOrientationLandscapeRight";
				INFOPLIST_KEY_UISupportedInterfaceOrientations_iPhone = "UIInterfaceOrientationPortrait UIInterfaceOrientationLandscapeLeft UIInterfaceOrientationLandscapeRight";
				LD_RUNPATH_SEARCH_PATHS = (
					"$(inherited)",
					"@executable_path/Frameworks",
				);
				MARKETING_VERSION = 1.0;
				PRODUCT_BUNDLE_IDENTIFIER = "kodo.Intermediate-05";
				PRODUCT_NAME = "$(TARGET_NAME)";
				SWIFT_EMIT_LOC_STRINGS = YES;
				SWIFT_VERSION = 5.0;
				TARGETED_DEVICE_FAMILY = "1,2";
			};
			name = Release;
		};
/* End XCBuildConfiguration section */

/* Begin XCConfigurationList section */
		C08D4902296122580035A01D /* Build configuration list for PBXProject "Intermediate_05" */ = {
			isa = XCConfigurationList;
			buildConfigurations = (
				C08D4919296122590035A01D /* Debug */,
				C08D491A296122590035A01D /* Release */,
			);
			defaultConfigurationIsVisible = 0;
			defaultConfigurationName = Release;
		};
		C08D491B296122590035A01D /* Build configuration list for PBXNativeTarget "Intermediate_05" */ = {
			isa = XCConfigurationList;
			buildConfigurations = (
				C08D491C296122590035A01D /* Debug */,
				C08D491D296122590035A01D /* Release */,
			);
			defaultConfigurationIsVisible = 0;
			defaultConfigurationName = Release;
		};
/* End XCConfigurationList section */
	};
	rootObject = C08D48FF296122580035A01D /* Project object */;
}
