// !$*UTF8*$!
{
	archiveVersion = 1;
	classes = {
	};
	objectVersion = 56;
	objects = {

/* Begin PBXBuildFile section */
		C055C7532978DD51008B48CE /* AppDelegate.swift in Sources */ = {isa = PBXBuildFile; fileRef = C055C7522978DD51008B48CE /* AppDelegate.swift */; };
		C055C7552978DD51008B48CE /* SceneDelegate.swift in Sources */ = {isa = PBXBuildFile; fileRef = C055C7542978DD51008B48CE /* SceneDelegate.swift */; };
		C055C7572978DD51008B48CE /* TabBarController.swift in Sources */ = {isa = PBXBuildFile; fileRef = C055C7562978DD51008B48CE /* TabBarController.swift */; };
		C055C75C2978DD53008B48CE /* Assets.xcassets in Resources */ = {isa = PBXBuildFile; fileRef = C055C75B2978DD53008B48CE /* Assets.xcassets */; };
		C055C75F2978DD53008B48CE /* LaunchScreen.storyboard in Resources */ = {isa = PBXBuildFile; fileRef = C055C75D2978DD53008B48CE /* LaunchScreen.storyboard */; };
		C055C7682978DE4A008B48CE /* SnapKit in Frameworks */ = {isa = PBXBuildFile; productRef = C055C7672978DE4A008B48CE /* SnapKit */; };
		C055C76B2978DE5B008B48CE /* Kingfisher in Frameworks */ = {isa = PBXBuildFile; productRef = C055C76A2978DE5B008B48CE /* Kingfisher */; };
		C055C76E2978F491008B48CE /* TodayViewController.swift in Sources */ = {isa = PBXBuildFile; fileRef = C055C76D2978F491008B48CE /* TodayViewController.swift */; };
		C055C7702978FE92008B48CE /* TodayCollectionCellView.swift in Sources */ = {isa = PBXBuildFile; fileRef = C055C76F2978FE92008B48CE /* TodayCollectionCellView.swift */; };
		C055C772297909FA008B48CE /* TodayCollectionHeaderView.swift in Sources */ = {isa = PBXBuildFile; fileRef = C055C771297909FA008B48CE /* TodayCollectionHeaderView.swift */; };
		C055C77529795D53008B48CE /* AppViewController.swift in Sources */ = {isa = PBXBuildFile; fileRef = C055C77429795D53008B48CE /* AppViewController.swift */; };
		C055C77729796516008B48CE /* FeatureSectionView.swift in Sources */ = {isa = PBXBuildFile; fileRef = C055C77629796516008B48CE /* FeatureSectionView.swift */; };
		C055C77929796B25008B48CE /* FeatureSectionCellView.swift in Sources */ = {isa = PBXBuildFile; fileRef = C055C77829796B25008B48CE /* FeatureSectionCellView.swift */; };
		C055C77B29797167008B48CE /* SeparatorView.swift in Sources */ = {isa = PBXBuildFile; fileRef = C055C77A29797167008B48CE /* SeparatorView.swift */; };
		C058F535297988BB004E7EA3 /* RankingFeatureSectionView.swift in Sources */ = {isa = PBXBuildFile; fileRef = C058F534297988BB004E7EA3 /* RankingFeatureSectionView.swift */; };
		C058F53729799297004E7EA3 /* RankingFeatureCollectionCellView.swift in Sources */ = {isa = PBXBuildFile; fileRef = C058F53629799296004E7EA3 /* RankingFeatureCollectionCellView.swift */; };
/* End PBXBuildFile section */

/* Begin PBXFileReference section */
		C055C74F2978DD51008B48CE /* Upper_Intermediate_02.app */ = {isa = PBXFileReference; explicitFileType = wrapper.application; includeInIndex = 0; path = Upper_Intermediate_02.app; sourceTree = BUILT_PRODUCTS_DIR; };
		C055C7522978DD51008B48CE /* AppDelegate.swift */ = {isa = PBXFileReference; lastKnownFileType = sourcecode.swift; path = AppDelegate.swift; sourceTree = "<group>"; };
		C055C7542978DD51008B48CE /* SceneDelegate.swift */ = {isa = PBXFileReference; lastKnownFileType = sourcecode.swift; path = SceneDelegate.swift; sourceTree = "<group>"; };
		C055C7562978DD51008B48CE /* TabBarController.swift */ = {isa = PBXFileReference; lastKnownFileType = sourcecode.swift; path = TabBarController.swift; sourceTree = "<group>"; };
		C055C75B2978DD53008B48CE /* Assets.xcassets */ = {isa = PBXFileReference; lastKnownFileType = folder.assetcatalog; path = Assets.xcassets; sourceTree = "<group>"; };
		C055C75E2978DD53008B48CE /* Base */ = {isa = PBXFileReference; lastKnownFileType = file.storyboard; name = Base; path = Base.lproj/LaunchScreen.storyboard; sourceTree = "<group>"; };
		C055C7602978DD53008B48CE /* Info.plist */ = {isa = PBXFileReference; lastKnownFileType = text.plist.xml; path = Info.plist; sourceTree = "<group>"; };
		C055C76D2978F491008B48CE /* TodayViewController.swift */ = {isa = PBXFileReference; lastKnownFileType = sourcecode.swift; path = TodayViewController.swift; sourceTree = "<group>"; };
		C055C76F2978FE92008B48CE /* TodayCollectionCellView.swift */ = {isa = PBXFileReference; lastKnownFileType = sourcecode.swift; path = TodayCollectionCellView.swift; sourceTree = "<group>"; };
		C055C771297909FA008B48CE /* TodayCollectionHeaderView.swift */ = {isa = PBXFileReference; lastKnownFileType = sourcecode.swift; path = TodayCollectionHeaderView.swift; sourceTree = "<group>"; };
		C055C77429795D53008B48CE /* AppViewController.swift */ = {isa = PBXFileReference; lastKnownFileType = sourcecode.swift; path = AppViewController.swift; sourceTree = "<group>"; };
		C055C77629796516008B48CE /* FeatureSectionView.swift */ = {isa = PBXFileReference; lastKnownFileType = sourcecode.swift; path = FeatureSectionView.swift; sourceTree = "<group>"; };
		C055C77829796B25008B48CE /* FeatureSectionCellView.swift */ = {isa = PBXFileReference; lastKnownFileType = sourcecode.swift; path = FeatureSectionCellView.swift; sourceTree = "<group>"; };
		C055C77A29797167008B48CE /* SeparatorView.swift */ = {isa = PBXFileReference; lastKnownFileType = sourcecode.swift; path = SeparatorView.swift; sourceTree = "<group>"; };
		C058F534297988BB004E7EA3 /* RankingFeatureSectionView.swift */ = {isa = PBXFileReference; lastKnownFileType = sourcecode.swift; path = RankingFeatureSectionView.swift; sourceTree = "<group>"; };
		C058F53629799296004E7EA3 /* RankingFeatureCollectionCellView.swift */ = {isa = PBXFileReference; lastKnownFileType = sourcecode.swift; path = RankingFeatureCollectionCellView.swift; sourceTree = "<group>"; };
/* End PBXFileReference section */

/* Begin PBXFrameworksBuildPhase section */
		C055C74C2978DD51008B48CE /* Frameworks */ = {
			isa = PBXFrameworksBuildPhase;
			buildActionMask = 2147483647;
			files = (
				C055C76B2978DE5B008B48CE /* Kingfisher in Frameworks */,
				C055C7682978DE4A008B48CE /* SnapKit in Frameworks */,
			);
			runOnlyForDeploymentPostprocessing = 0;
		};
/* End PBXFrameworksBuildPhase section */

/* Begin PBXGroup section */
		C055C7462978DD51008B48CE = {
			isa = PBXGroup;
			children = (
				C055C7512978DD51008B48CE /* Upper_Intermediate_02 */,
				C055C7502978DD51008B48CE /* Products */,
			);
			sourceTree = "<group>";
		};
		C055C7502978DD51008B48CE /* Products */ = {
			isa = PBXGroup;
			children = (
				C055C74F2978DD51008B48CE /* Upper_Intermediate_02.app */,
			);
			name = Products;
			sourceTree = "<group>";
		};
		C055C7512978DD51008B48CE /* Upper_Intermediate_02 */ = {
			isa = PBXGroup;
			children = (
				C055C77329795D40008B48CE /* App */,
				C055C76C2978F480008B48CE /* Today */,
				C055C7522978DD51008B48CE /* AppDelegate.swift */,
				C055C7542978DD51008B48CE /* SceneDelegate.swift */,
				C055C7562978DD51008B48CE /* TabBarController.swift */,
				C055C75B2978DD53008B48CE /* Assets.xcassets */,
				C055C75D2978DD53008B48CE /* LaunchScreen.storyboard */,
				C055C7602978DD53008B48CE /* Info.plist */,
			);
			path = Upper_Intermediate_02;
			sourceTree = "<group>";
		};
		C055C76C2978F480008B48CE /* Today */ = {
			isa = PBXGroup;
			children = (
				C055C76D2978F491008B48CE /* TodayViewController.swift */,
				C055C76F2978FE92008B48CE /* TodayCollectionCellView.swift */,
				C055C771297909FA008B48CE /* TodayCollectionHeaderView.swift */,
			);
			path = Today;
			sourceTree = "<group>";
		};
		C055C77329795D40008B48CE /* App */ = {
			isa = PBXGroup;
			children = (
				C058F53829799957004E7EA3 /* Feature */,
				C058F533297988A5004E7EA3 /* Ranking */,
				C055C77429795D53008B48CE /* AppViewController.swift */,
				C055C77A29797167008B48CE /* SeparatorView.swift */,
			);
			path = App;
			sourceTree = "<group>";
		};
		C058F533297988A5004E7EA3 /* Ranking */ = {
			isa = PBXGroup;
			children = (
				C058F534297988BB004E7EA3 /* RankingFeatureSectionView.swift */,
				C058F53629799296004E7EA3 /* RankingFeatureCollectionCellView.swift */,
			);
			path = Ranking;
			sourceTree = "<group>";
		};
		C058F53829799957004E7EA3 /* Feature */ = {
			isa = PBXGroup;
			children = (
				C055C77629796516008B48CE /* FeatureSectionView.swift */,
				C055C77829796B25008B48CE /* FeatureSectionCellView.swift */,
			);
			path = Feature;
			sourceTree = "<group>";
		};
/* End PBXGroup section */

/* Begin PBXNativeTarget section */
		C055C74E2978DD51008B48CE /* Upper_Intermediate_02 */ = {
			isa = PBXNativeTarget;
			buildConfigurationList = C055C7632978DD53008B48CE /* Build configuration list for PBXNativeTarget "Upper_Intermediate_02" */;
			buildPhases = (
				C055C74B2978DD51008B48CE /* Sources */,
				C055C74C2978DD51008B48CE /* Frameworks */,
				C055C74D2978DD51008B48CE /* Resources */,
			);
			buildRules = (
			);
			dependencies = (
			);
			name = Upper_Intermediate_02;
			packageProductDependencies = (
				C055C7672978DE4A008B48CE /* SnapKit */,
				C055C76A2978DE5B008B48CE /* Kingfisher */,
			);
			productName = Upper_Intermediate_02;
			productReference = C055C74F2978DD51008B48CE /* Upper_Intermediate_02.app */;
			productType = "com.apple.product-type.application";
		};
/* End PBXNativeTarget section */

/* Begin PBXProject section */
		C055C7472978DD51008B48CE /* Project object */ = {
			isa = PBXProject;
			attributes = {
				BuildIndependentTargetsInParallel = 1;
				LastSwiftUpdateCheck = 1420;
				LastUpgradeCheck = 1420;
				TargetAttributes = {
					C055C74E2978DD51008B48CE = {
						CreatedOnToolsVersion = 14.2;
					};
				};
			};
			buildConfigurationList = C055C74A2978DD51008B48CE /* Build configuration list for PBXProject "Upper_Intermediate_02" */;
			compatibilityVersion = "Xcode 14.0";
			developmentRegion = en;
			hasScannedForEncodings = 0;
			knownRegions = (
				en,
				Base,
			);
			mainGroup = C055C7462978DD51008B48CE;
			packageReferences = (
				C055C7662978DE4A008B48CE /* XCRemoteSwiftPackageReference "SnapKit" */,
				C055C7692978DE5B008B48CE /* XCRemoteSwiftPackageReference "Kingfisher" */,
			);
			productRefGroup = C055C7502978DD51008B48CE /* Products */;
			projectDirPath = "";
			projectRoot = "";
			targets = (
				C055C74E2978DD51008B48CE /* Upper_Intermediate_02 */,
			);
		};
/* End PBXProject section */

/* Begin PBXResourcesBuildPhase section */
		C055C74D2978DD51008B48CE /* Resources */ = {
			isa = PBXResourcesBuildPhase;
			buildActionMask = 2147483647;
			files = (
				C055C75F2978DD53008B48CE /* LaunchScreen.storyboard in Resources */,
				C055C75C2978DD53008B48CE /* Assets.xcassets in Resources */,
			);
			runOnlyForDeploymentPostprocessing = 0;
		};
/* End PBXResourcesBuildPhase section */

/* Begin PBXSourcesBuildPhase section */
		C055C74B2978DD51008B48CE /* Sources */ = {
			isa = PBXSourcesBuildPhase;
			buildActionMask = 2147483647;
			files = (
				C055C76E2978F491008B48CE /* TodayViewController.swift in Sources */,
				C055C7572978DD51008B48CE /* TabBarController.swift in Sources */,
				C055C77B29797167008B48CE /* SeparatorView.swift in Sources */,
				C058F535297988BB004E7EA3 /* RankingFeatureSectionView.swift in Sources */,
				C055C7532978DD51008B48CE /* AppDelegate.swift in Sources */,
				C055C772297909FA008B48CE /* TodayCollectionHeaderView.swift in Sources */,
				C058F53729799297004E7EA3 /* RankingFeatureCollectionCellView.swift in Sources */,
				C055C77529795D53008B48CE /* AppViewController.swift in Sources */,
				C055C7702978FE92008B48CE /* TodayCollectionCellView.swift in Sources */,
				C055C7552978DD51008B48CE /* SceneDelegate.swift in Sources */,
				C055C77929796B25008B48CE /* FeatureSectionCellView.swift in Sources */,
				C055C77729796516008B48CE /* FeatureSectionView.swift in Sources */,
			);
			runOnlyForDeploymentPostprocessing = 0;
		};
/* End PBXSourcesBuildPhase section */

/* Begin PBXVariantGroup section */
		C055C75D2978DD53008B48CE /* LaunchScreen.storyboard */ = {
			isa = PBXVariantGroup;
			children = (
				C055C75E2978DD53008B48CE /* Base */,
			);
			name = LaunchScreen.storyboard;
			sourceTree = "<group>";
		};
/* End PBXVariantGroup section */

/* Begin XCBuildConfiguration section */
		C055C7612978DD53008B48CE /* Debug */ = {
			isa = XCBuildConfiguration;
			buildSettings = {
				ALWAYS_SEARCH_USER_PATHS = NO;
				CLANG_ANALYZER_NONNULL = YES;
				CLANG_ANALYZER_NUMBER_OBJECT_CONVERSION = YES_AGGRESSIVE;
				CLANG_CXX_LANGUAGE_STANDARD = "gnu++20";
				CLANG_ENABLE_MODULES = YES;
				CLANG_ENABLE_OBJC_ARC = YES;
				CLANG_ENABLE_OBJC_WEAK = YES;
				CLANG_WARN_BLOCK_CAPTURE_AUTORELEASING = YES;
				CLANG_WARN_BOOL_CONVERSION = YES;
				CLANG_WARN_COMMA = YES;
				CLANG_WARN_CONSTANT_CONVERSION = YES;
				CLANG_WARN_DEPRECATED_OBJC_IMPLEMENTATIONS = YES;
				CLANG_WARN_DIRECT_OBJC_ISA_USAGE = YES_ERROR;
				CLANG_WARN_DOCUMENTATION_COMMENTS = YES;
				CLANG_WARN_EMPTY_BODY = YES;
				CLANG_WARN_ENUM_CONVERSION = YES;
				CLANG_WARN_INFINITE_RECURSION = YES;
				CLANG_WARN_INT_CONVERSION = YES;
				CLANG_WARN_NON_LITERAL_NULL_CONVERSION = YES;
				CLANG_WARN_OBJC_IMPLICIT_RETAIN_SELF = YES;
				CLANG_WARN_OBJC_LITERAL_CONVERSION = YES;
				CLANG_WARN_OBJC_ROOT_CLASS = YES_ERROR;
				CLANG_WARN_QUOTED_INCLUDE_IN_FRAMEWORK_HEADER = YES;
				CLANG_WARN_RANGE_LOOP_ANALYSIS = YES;
				CLANG_WARN_STRICT_PROTOTYPES = YES;
				CLANG_WARN_SUSPICIOUS_MOVE = YES;
				CLANG_WARN_UNGUARDED_AVAILABILITY = YES_AGGRESSIVE;
				CLANG_WARN_UNREACHABLE_CODE = YES;
				CLANG_WARN__DUPLICATE_METHOD_MATCH = YES;
				COPY_PHASE_STRIP = NO;
				DEBUG_INFORMATION_FORMAT = dwarf;
				ENABLE_STRICT_OBJC_MSGSEND = YES;
				ENABLE_TESTABILITY = YES;
				GCC_C_LANGUAGE_STANDARD = gnu11;
				GCC_DYNAMIC_NO_PIC = NO;
				GCC_NO_COMMON_BLOCKS = YES;
				GCC_OPTIMIZATION_LEVEL = 0;
				GCC_PREPROCESSOR_DEFINITIONS = (
					"DEBUG=1",
					"$(inherited)",
				);
				GCC_WARN_64_TO_32_BIT_CONVERSION = YES;
				GCC_WARN_ABOUT_RETURN_TYPE = YES_ERROR;
				GCC_WARN_UNDECLARED_SELECTOR = YES;
				GCC_WARN_UNINITIALIZED_AUTOS = YES_AGGRESSIVE;
				GCC_WARN_UNUSED_FUNCTION = YES;
				GCC_WARN_UNUSED_VARIABLE = YES;
				IPHONEOS_DEPLOYMENT_TARGET = 16.2;
				MTL_ENABLE_DEBUG_INFO = INCLUDE_SOURCE;
				MTL_FAST_MATH = YES;
				ONLY_ACTIVE_ARCH = YES;
				SDKROOT = iphoneos;
				SWIFT_ACTIVE_COMPILATION_CONDITIONS = DEBUG;
				SWIFT_OPTIMIZATION_LEVEL = "-Onone";
			};
			name = Debug;
		};
		C055C7622978DD53008B48CE /* Release */ = {
			isa = XCBuildConfiguration;
			buildSettings = {
				ALWAYS_SEARCH_USER_PATHS = NO;
				CLANG_ANALYZER_NONNULL = YES;
				CLANG_ANALYZER_NUMBER_OBJECT_CONVERSION = YES_AGGRESSIVE;
				CLANG_CXX_LANGUAGE_STANDARD = "gnu++20";
				CLANG_ENABLE_MODULES = YES;
				CLANG_ENABLE_OBJC_ARC = YES;
				CLANG_ENABLE_OBJC_WEAK = YES;
				CLANG_WARN_BLOCK_CAPTURE_AUTORELEASING = YES;
				CLANG_WARN_BOOL_CONVERSION = YES;
				CLANG_WARN_COMMA = YES;
				CLANG_WARN_CONSTANT_CONVERSION = YES;
				CLANG_WARN_DEPRECATED_OBJC_IMPLEMENTATIONS = YES;
				CLANG_WARN_DIRECT_OBJC_ISA_USAGE = YES_ERROR;
				CLANG_WARN_DOCUMENTATION_COMMENTS = YES;
				CLANG_WARN_EMPTY_BODY = YES;
				CLANG_WARN_ENUM_CONVERSION = YES;
				CLANG_WARN_INFINITE_RECURSION = YES;
				CLANG_WARN_INT_CONVERSION = YES;
				CLANG_WARN_NON_LITERAL_NULL_CONVERSION = YES;
				CLANG_WARN_OBJC_IMPLICIT_RETAIN_SELF = YES;
				CLANG_WARN_OBJC_LITERAL_CONVERSION = YES;
				CLANG_WARN_OBJC_ROOT_CLASS = YES_ERROR;
				CLANG_WARN_QUOTED_INCLUDE_IN_FRAMEWORK_HEADER = YES;
				CLANG_WARN_RANGE_LOOP_ANALYSIS = YES;
				CLANG_WARN_STRICT_PROTOTYPES = YES;
				CLANG_WARN_SUSPICIOUS_MOVE = YES;
				CLANG_WARN_UNGUARDED_AVAILABILITY = YES_AGGRESSIVE;
				CLANG_WARN_UNREACHABLE_CODE = YES;
				CLANG_WARN__DUPLICATE_METHOD_MATCH = YES;
				COPY_PHASE_STRIP = NO;
				DEBUG_INFORMATION_FORMAT = "dwarf-with-dsym";
				ENABLE_NS_ASSERTIONS = NO;
				ENABLE_STRICT_OBJC_MSGSEND = YES;
				GCC_C_LANGUAGE_STANDARD = gnu11;
				GCC_NO_COMMON_BLOCKS = YES;
				GCC_WARN_64_TO_32_BIT_CONVERSION = YES;
				GCC_WARN_ABOUT_RETURN_TYPE = YES_ERROR;
				GCC_WARN_UNDECLARED_SELECTOR = YES;
				GCC_WARN_UNINITIALIZED_AUTOS = YES_AGGRESSIVE;
				GCC_WARN_UNUSED_FUNCTION = YES;
				GCC_WARN_UNUSED_VARIABLE = YES;
				IPHONEOS_DEPLOYMENT_TARGET = 16.2;
				MTL_ENABLE_DEBUG_INFO = NO;
				MTL_FAST_MATH = YES;
				SDKROOT = iphoneos;
				SWIFT_COMPILATION_MODE = wholemodule;
				SWIFT_OPTIMIZATION_LEVEL = "-O";
				VALIDATE_PRODUCT = YES;
			};
			name = Release;
		};
		C055C7642978DD53008B48CE /* Debug */ = {
			isa = XCBuildConfiguration;
			buildSettings = {
				ASSETCATALOG_COMPILER_APPICON_NAME = AppIcon;
				ASSETCATALOG_COMPILER_GLOBAL_ACCENT_COLOR_NAME = AccentColor;
				CODE_SIGN_STYLE = Automatic;
				CURRENT_PROJECT_VERSION = 1;
				DEVELOPMENT_TEAM = N4P48JMYVV;
				GENERATE_INFOPLIST_FILE = YES;
				INFOPLIST_FILE = Upper_Intermediate_02/Info.plist;
				INFOPLIST_KEY_UIApplicationSupportsIndirectInputEvents = YES;
				INFOPLIST_KEY_UILaunchStoryboardName = LaunchScreen;
				INFOPLIST_KEY_UISupportedInterfaceOrientations_iPad = "UIInterfaceOrientationPortrait UIInterfaceOrientationPortraitUpsideDown UIInterfaceOrientationLandscapeLeft UIInterfaceOrientationLandscapeRight";
				INFOPLIST_KEY_UISupportedInterfaceOrientations_iPhone = "UIInterfaceOrientationPortrait UIInterfaceOrientationLandscapeLeft UIInterfaceOrientationLandscapeRight";
				LD_RUNPATH_SEARCH_PATHS = (
					"$(inherited)",
					"@executable_path/Frameworks",
				);
				MARKETING_VERSION = 1.0;
				PRODUCT_BUNDLE_IDENTIFIER = "kodo.Upper-Intermediate-02";
				PRODUCT_NAME = "$(TARGET_NAME)";
				SWIFT_EMIT_LOC_STRINGS = YES;
				SWIFT_VERSION = 5.0;
				TARGETED_DEVICE_FAMILY = "1,2";
			};
			name = Debug;
		};
		C055C7652978DD53008B48CE /* Release */ = {
			isa = XCBuildConfiguration;
			buildSettings = {
				ASSETCATALOG_COMPILER_APPICON_NAME = AppIcon;
				ASSETCATALOG_COMPILER_GLOBAL_ACCENT_COLOR_NAME = AccentColor;
				CODE_SIGN_STYLE = Automatic;
				CURRENT_PROJECT_VERSION = 1;
				DEVELOPMENT_TEAM = N4P48JMYVV;
				GENERATE_INFOPLIST_FILE = YES;
				INFOPLIST_FILE = Upper_Intermediate_02/Info.plist;
				INFOPLIST_KEY_UIApplicationSupportsIndirectInputEvents = YES;
				INFOPLIST_KEY_UILaunchStoryboardName = LaunchScreen;
				INFOPLIST_KEY_UISupportedInterfaceOrientations_iPad = "UIInterfaceOrientationPortrait UIInterfaceOrientationPortraitUpsideDown UIInterfaceOrientationLandscapeLeft UIInterfaceOrientationLandscapeRight";
				INFOPLIST_KEY_UISupportedInterfaceOrientations_iPhone = "UIInterfaceOrientationPortrait UIInterfaceOrientationLandscapeLeft UIInterfaceOrientationLandscapeRight";
				LD_RUNPATH_SEARCH_PATHS = (
					"$(inherited)",
					"@executable_path/Frameworks",
				);
				MARKETING_VERSION = 1.0;
				PRODUCT_BUNDLE_IDENTIFIER = "kodo.Upper-Intermediate-02";
				PRODUCT_NAME = "$(TARGET_NAME)";
				SWIFT_EMIT_LOC_STRINGS = YES;
				SWIFT_VERSION = 5.0;
				TARGETED_DEVICE_FAMILY = "1,2";
			};
			name = Release;
		};
/* End XCBuildConfiguration section */

/* Begin XCConfigurationList section */
		C055C74A2978DD51008B48CE /* Build configuration list for PBXProject "Upper_Intermediate_02" */ = {
			isa = XCConfigurationList;
			buildConfigurations = (
				C055C7612978DD53008B48CE /* Debug */,
				C055C7622978DD53008B48CE /* Release */,
			);
			defaultConfigurationIsVisible = 0;
			defaultConfigurationName = Release;
		};
		C055C7632978DD53008B48CE /* Build configuration list for PBXNativeTarget "Upper_Intermediate_02" */ = {
			isa = XCConfigurationList;
			buildConfigurations = (
				C055C7642978DD53008B48CE /* Debug */,
				C055C7652978DD53008B48CE /* Release */,
			);
			defaultConfigurationIsVisible = 0;
			defaultConfigurationName = Release;
		};
/* End XCConfigurationList section */

/* Begin XCRemoteSwiftPackageReference section */
		C055C7662978DE4A008B48CE /* XCRemoteSwiftPackageReference "SnapKit" */ = {
			isa = XCRemoteSwiftPackageReference;
			repositoryURL = "https://github.com/SnapKit/SnapKit.git";
			requirement = {
				kind = upToNextMajorVersion;
				minimumVersion = 5.0.0;
			};
		};
		C055C7692978DE5B008B48CE /* XCRemoteSwiftPackageReference "Kingfisher" */ = {
			isa = XCRemoteSwiftPackageReference;
			repositoryURL = "https://github.com/onevcat/Kingfisher.git";
			requirement = {
				kind = upToNextMajorVersion;
				minimumVersion = 7.0.0;
			};
		};
/* End XCRemoteSwiftPackageReference section */

/* Begin XCSwiftPackageProductDependency section */
		C055C7672978DE4A008B48CE /* SnapKit */ = {
			isa = XCSwiftPackageProductDependency;
			package = C055C7662978DE4A008B48CE /* XCRemoteSwiftPackageReference "SnapKit" */;
			productName = SnapKit;
		};
		C055C76A2978DE5B008B48CE /* Kingfisher */ = {
			isa = XCSwiftPackageProductDependency;
			package = C055C7692978DE5B008B48CE /* XCRemoteSwiftPackageReference "Kingfisher" */;
			productName = Kingfisher;
		};
/* End XCSwiftPackageProductDependency section */
	};
	rootObject = C055C7472978DD51008B48CE /* Project object */;
}
