// !$*UTF8*$!
{
	archiveVersion = 1;
	classes = {
	};
	objectVersion = 55;
	objects = {

/* Begin PBXBuildFile section */
		C0BAD8A928C346DC0068B999 /* AppDelegate.swift in Sources */ = {isa = PBXBuildFile; fileRef = C0BAD8A828C346DC0068B999 /* AppDelegate.swift */; };
		C0BAD8AB28C346DC0068B999 /* SceneDelegate.swift in Sources */ = {isa = PBXBuildFile; fileRef = C0BAD8AA28C346DC0068B999 /* SceneDelegate.swift */; };
		C0BAD8AD28C346DC0068B999 /* ViewController.swift in Sources */ = {isa = PBXBuildFile; fileRef = C0BAD8AC28C346DC0068B999 /* ViewController.swift */; };
		C0BAD8B028C346DC0068B999 /* Main.storyboard in Resources */ = {isa = PBXBuildFile; fileRef = C0BAD8AE28C346DC0068B999 /* Main.storyboard */; };
		C0BAD8B228C346DD0068B999 /* Assets.xcassets in Resources */ = {isa = PBXBuildFile; fileRef = C0BAD8B128C346DD0068B999 /* Assets.xcassets */; };
		C0BAD8B528C346DD0068B999 /* LaunchScreen.storyboard in Resources */ = {isa = PBXBuildFile; fileRef = C0BAD8B328C346DD0068B999 /* LaunchScreen.storyboard */; };
		C0BAD8C028C346DD0068B999 /* Basic_05Tests.swift in Sources */ = {isa = PBXBuildFile; fileRef = C0BAD8BF28C346DD0068B999 /* Basic_05Tests.swift */; };
		C0BAD8CA28C346DD0068B999 /* Basic_05UITests.swift in Sources */ = {isa = PBXBuildFile; fileRef = C0BAD8C928C346DD0068B999 /* Basic_05UITests.swift */; };
		C0BAD8CC28C346DD0068B999 /* Basic_05UITestsLaunchTests.swift in Sources */ = {isa = PBXBuildFile; fileRef = C0BAD8CB28C346DD0068B999 /* Basic_05UITestsLaunchTests.swift */; };
/* End PBXBuildFile section */

/* Begin PBXContainerItemProxy section */
		C0BAD8BC28C346DD0068B999 /* PBXContainerItemProxy */ = {
			isa = PBXContainerItemProxy;
			containerPortal = C0BAD89D28C346DC0068B999 /* Project object */;
			proxyType = 1;
			remoteGlobalIDString = C0BAD8A428C346DC0068B999;
			remoteInfo = Basic_05;
		};
		C0BAD8C628C346DD0068B999 /* PBXContainerItemProxy */ = {
			isa = PBXContainerItemProxy;
			containerPortal = C0BAD89D28C346DC0068B999 /* Project object */;
			proxyType = 1;
			remoteGlobalIDString = C0BAD8A428C346DC0068B999;
			remoteInfo = Basic_05;
		};
/* End PBXContainerItemProxy section */

/* Begin PBXFileReference section */
		C0BAD8A528C346DC0068B999 /* Basic_05.app */ = {isa = PBXFileReference; explicitFileType = wrapper.application; includeInIndex = 0; path = Basic_05.app; sourceTree = BUILT_PRODUCTS_DIR; };
		C0BAD8A828C346DC0068B999 /* AppDelegate.swift */ = {isa = PBXFileReference; lastKnownFileType = sourcecode.swift; path = AppDelegate.swift; sourceTree = "<group>"; };
		C0BAD8AA28C346DC0068B999 /* SceneDelegate.swift */ = {isa = PBXFileReference; lastKnownFileType = sourcecode.swift; path = SceneDelegate.swift; sourceTree = "<group>"; };
		C0BAD8AC28C346DC0068B999 /* ViewController.swift */ = {isa = PBXFileReference; lastKnownFileType = sourcecode.swift; path = ViewController.swift; sourceTree = "<group>"; };
		C0BAD8AF28C346DC0068B999 /* Base */ = {isa = PBXFileReference; lastKnownFileType = file.storyboard; name = Base; path = Base.lproj/Main.storyboard; sourceTree = "<group>"; };
		C0BAD8B128C346DD0068B999 /* Assets.xcassets */ = {isa = PBXFileReference; lastKnownFileType = folder.assetcatalog; path = Assets.xcassets; sourceTree = "<group>"; };
		C0BAD8B428C346DD0068B999 /* Base */ = {isa = PBXFileReference; lastKnownFileType = file.storyboard; name = Base; path = Base.lproj/LaunchScreen.storyboard; sourceTree = "<group>"; };
		C0BAD8B628C346DD0068B999 /* Info.plist */ = {isa = PBXFileReference; lastKnownFileType = text.plist.xml; path = Info.plist; sourceTree = "<group>"; };
		C0BAD8BB28C346DD0068B999 /* Basic_05Tests.xctest */ = {isa = PBXFileReference; explicitFileType = wrapper.cfbundle; includeInIndex = 0; path = Basic_05Tests.xctest; sourceTree = BUILT_PRODUCTS_DIR; };
		C0BAD8BF28C346DD0068B999 /* Basic_05Tests.swift */ = {isa = PBXFileReference; lastKnownFileType = sourcecode.swift; path = Basic_05Tests.swift; sourceTree = "<group>"; };
		C0BAD8C528C346DD0068B999 /* Basic_05UITests.xctest */ = {isa = PBXFileReference; explicitFileType = wrapper.cfbundle; includeInIndex = 0; path = Basic_05UITests.xctest; sourceTree = BUILT_PRODUCTS_DIR; };
		C0BAD8C928C346DD0068B999 /* Basic_05UITests.swift */ = {isa = PBXFileReference; lastKnownFileType = sourcecode.swift; path = Basic_05UITests.swift; sourceTree = "<group>"; };
		C0BAD8CB28C346DD0068B999 /* Basic_05UITestsLaunchTests.swift */ = {isa = PBXFileReference; lastKnownFileType = sourcecode.swift; path = Basic_05UITestsLaunchTests.swift; sourceTree = "<group>"; };
/* End PBXFileReference section */

/* Begin PBXFrameworksBuildPhase section */
		C0BAD8A228C346DC0068B999 /* Frameworks */ = {
			isa = PBXFrameworksBuildPhase;
			buildActionMask = 2147483647;
			files = (
			);
			runOnlyForDeploymentPostprocessing = 0;
		};
		C0BAD8B828C346DD0068B999 /* Frameworks */ = {
			isa = PBXFrameworksBuildPhase;
			buildActionMask = 2147483647;
			files = (
			);
			runOnlyForDeploymentPostprocessing = 0;
		};
		C0BAD8C228C346DD0068B999 /* Frameworks */ = {
			isa = PBXFrameworksBuildPhase;
			buildActionMask = 2147483647;
			files = (
			);
			runOnlyForDeploymentPostprocessing = 0;
		};
/* End PBXFrameworksBuildPhase section */

/* Begin PBXGroup section */
		C0BAD89C28C346DC0068B999 = {
			isa = PBXGroup;
			children = (
				C0BAD8A728C346DC0068B999 /* Basic_05 */,
				C0BAD8BE28C346DD0068B999 /* Basic_05Tests */,
				C0BAD8C828C346DD0068B999 /* Basic_05UITests */,
				C0BAD8A628C346DC0068B999 /* Products */,
			);
			sourceTree = "<group>";
		};
		C0BAD8A628C346DC0068B999 /* Products */ = {
			isa = PBXGroup;
			children = (
				C0BAD8A528C346DC0068B999 /* Basic_05.app */,
				C0BAD8BB28C346DD0068B999 /* Basic_05Tests.xctest */,
				C0BAD8C528C346DD0068B999 /* Basic_05UITests.xctest */,
			);
			name = Products;
			sourceTree = "<group>";
		};
		C0BAD8A728C346DC0068B999 /* Basic_05 */ = {
			isa = PBXGroup;
			children = (
				C0BAD8A828C346DC0068B999 /* AppDelegate.swift */,
				C0BAD8AA28C346DC0068B999 /* SceneDelegate.swift */,
				C0BAD8AC28C346DC0068B999 /* ViewController.swift */,
				C0BAD8AE28C346DC0068B999 /* Main.storyboard */,
				C0BAD8B128C346DD0068B999 /* Assets.xcassets */,
				C0BAD8B328C346DD0068B999 /* LaunchScreen.storyboard */,
				C0BAD8B628C346DD0068B999 /* Info.plist */,
			);
			path = Basic_05;
			sourceTree = "<group>";
		};
		C0BAD8BE28C346DD0068B999 /* Basic_05Tests */ = {
			isa = PBXGroup;
			children = (
				C0BAD8BF28C346DD0068B999 /* Basic_05Tests.swift */,
			);
			path = Basic_05Tests;
			sourceTree = "<group>";
		};
		C0BAD8C828C346DD0068B999 /* Basic_05UITests */ = {
			isa = PBXGroup;
			children = (
				C0BAD8C928C346DD0068B999 /* Basic_05UITests.swift */,
				C0BAD8CB28C346DD0068B999 /* Basic_05UITestsLaunchTests.swift */,
			);
			path = Basic_05UITests;
			sourceTree = "<group>";
		};
/* End PBXGroup section */

/* Begin PBXNativeTarget section */
		C0BAD8A428C346DC0068B999 /* Basic_05 */ = {
			isa = PBXNativeTarget;
			buildConfigurationList = C0BAD8CF28C346DD0068B999 /* Build configuration list for PBXNativeTarget "Basic_05" */;
			buildPhases = (
				C0BAD8A128C346DC0068B999 /* Sources */,
				C0BAD8A228C346DC0068B999 /* Frameworks */,
				C0BAD8A328C346DC0068B999 /* Resources */,
			);
			buildRules = (
			);
			dependencies = (
			);
			name = Basic_05;
			productName = Basic_05;
			productReference = C0BAD8A528C346DC0068B999 /* Basic_05.app */;
			productType = "com.apple.product-type.application";
		};
		C0BAD8BA28C346DD0068B999 /* Basic_05Tests */ = {
			isa = PBXNativeTarget;
			buildConfigurationList = C0BAD8D228C346DD0068B999 /* Build configuration list for PBXNativeTarget "Basic_05Tests" */;
			buildPhases = (
				C0BAD8B728C346DD0068B999 /* Sources */,
				C0BAD8B828C346DD0068B999 /* Frameworks */,
				C0BAD8B928C346DD0068B999 /* Resources */,
			);
			buildRules = (
			);
			dependencies = (
				C0BAD8BD28C346DD0068B999 /* PBXTargetDependency */,
			);
			name = Basic_05Tests;
			productName = Basic_05Tests;
			productReference = C0BAD8BB28C346DD0068B999 /* Basic_05Tests.xctest */;
			productType = "com.apple.product-type.bundle.unit-test";
		};
		C0BAD8C428C346DD0068B999 /* Basic_05UITests */ = {
			isa = PBXNativeTarget;
			buildConfigurationList = C0BAD8D528C346DD0068B999 /* Build configuration list for PBXNativeTarget "Basic_05UITests" */;
			buildPhases = (
				C0BAD8C128C346DD0068B999 /* Sources */,
				C0BAD8C228C346DD0068B999 /* Frameworks */,
				C0BAD8C328C346DD0068B999 /* Resources */,
			);
			buildRules = (
			);
			dependencies = (
				C0BAD8C728C346DD0068B999 /* PBXTargetDependency */,
			);
			name = Basic_05UITests;
			productName = Basic_05UITests;
			productReference = C0BAD8C528C346DD0068B999 /* Basic_05UITests.xctest */;
			productType = "com.apple.product-type.bundle.ui-testing";
		};
/* End PBXNativeTarget section */

/* Begin PBXProject section */
		C0BAD89D28C346DC0068B999 /* Project object */ = {
			isa = PBXProject;
			attributes = {
				BuildIndependentTargetsInParallel = 1;
				LastSwiftUpdateCheck = 1340;
				LastUpgradeCheck = 1340;
				TargetAttributes = {
					C0BAD8A428C346DC0068B999 = {
						CreatedOnToolsVersion = 13.4.1;
					};
					C0BAD8BA28C346DD0068B999 = {
						CreatedOnToolsVersion = 13.4.1;
						TestTargetID = C0BAD8A428C346DC0068B999;
					};
					C0BAD8C428C346DD0068B999 = {
						CreatedOnToolsVersion = 13.4.1;
						TestTargetID = C0BAD8A428C346DC0068B999;
					};
				};
			};
			buildConfigurationList = C0BAD8A028C346DC0068B999 /* Build configuration list for PBXProject "Basic_05" */;
			compatibilityVersion = "Xcode 13.0";
			developmentRegion = en;
			hasScannedForEncodings = 0;
			knownRegions = (
				en,
				Base,
			);
			mainGroup = C0BAD89C28C346DC0068B999;
			productRefGroup = C0BAD8A628C346DC0068B999 /* Products */;
			projectDirPath = "";
			projectRoot = "";
			targets = (
				C0BAD8A428C346DC0068B999 /* Basic_05 */,
				C0BAD8BA28C346DD0068B999 /* Basic_05Tests */,
				C0BAD8C428C346DD0068B999 /* Basic_05UITests */,
			);
		};
/* End PBXProject section */

/* Begin PBXResourcesBuildPhase section */
		C0BAD8A328C346DC0068B999 /* Resources */ = {
			isa = PBXResourcesBuildPhase;
			buildActionMask = 2147483647;
			files = (
				C0BAD8B528C346DD0068B999 /* LaunchScreen.storyboard in Resources */,
				C0BAD8B228C346DD0068B999 /* Assets.xcassets in Resources */,
				C0BAD8B028C346DC0068B999 /* Main.storyboard in Resources */,
			);
			runOnlyForDeploymentPostprocessing = 0;
		};
		C0BAD8B928C346DD0068B999 /* Resources */ = {
			isa = PBXResourcesBuildPhase;
			buildActionMask = 2147483647;
			files = (
			);
			runOnlyForDeploymentPostprocessing = 0;
		};
		C0BAD8C328C346DD0068B999 /* Resources */ = {
			isa = PBXResourcesBuildPhase;
			buildActionMask = 2147483647;
			files = (
			);
			runOnlyForDeploymentPostprocessing = 0;
		};
/* End PBXResourcesBuildPhase section */

/* Begin PBXSourcesBuildPhase section */
		C0BAD8A128C346DC0068B999 /* Sources */ = {
			isa = PBXSourcesBuildPhase;
			buildActionMask = 2147483647;
			files = (
				C0BAD8AD28C346DC0068B999 /* ViewController.swift in Sources */,
				C0BAD8A928C346DC0068B999 /* AppDelegate.swift in Sources */,
				C0BAD8AB28C346DC0068B999 /* SceneDelegate.swift in Sources */,
			);
			runOnlyForDeploymentPostprocessing = 0;
		};
		C0BAD8B728C346DD0068B999 /* Sources */ = {
			isa = PBXSourcesBuildPhase;
			buildActionMask = 2147483647;
			files = (
				C0BAD8C028C346DD0068B999 /* Basic_05Tests.swift in Sources */,
			);
			runOnlyForDeploymentPostprocessing = 0;
		};
		C0BAD8C128C346DD0068B999 /* Sources */ = {
			isa = PBXSourcesBuildPhase;
			buildActionMask = 2147483647;
			files = (
				C0BAD8CC28C346DD0068B999 /* Basic_05UITestsLaunchTests.swift in Sources */,
				C0BAD8CA28C346DD0068B999 /* Basic_05UITests.swift in Sources */,
			);
			runOnlyForDeploymentPostprocessing = 0;
		};
/* End PBXSourcesBuildPhase section */

/* Begin PBXTargetDependency section */
		C0BAD8BD28C346DD0068B999 /* PBXTargetDependency */ = {
			isa = PBXTargetDependency;
			target = C0BAD8A428C346DC0068B999 /* Basic_05 */;
			targetProxy = C0BAD8BC28C346DD0068B999 /* PBXContainerItemProxy */;
		};
		C0BAD8C728C346DD0068B999 /* PBXTargetDependency */ = {
			isa = PBXTargetDependency;
			target = C0BAD8A428C346DC0068B999 /* Basic_05 */;
			targetProxy = C0BAD8C628C346DD0068B999 /* PBXContainerItemProxy */;
		};
/* End PBXTargetDependency section */

/* Begin PBXVariantGroup section */
		C0BAD8AE28C346DC0068B999 /* Main.storyboard */ = {
			isa = PBXVariantGroup;
			children = (
				C0BAD8AF28C346DC0068B999 /* Base */,
			);
			name = Main.storyboard;
			sourceTree = "<group>";
		};
		C0BAD8B328C346DD0068B999 /* LaunchScreen.storyboard */ = {
			isa = PBXVariantGroup;
			children = (
				C0BAD8B428C346DD0068B999 /* Base */,
			);
			name = LaunchScreen.storyboard;
			sourceTree = "<group>";
		};
/* End PBXVariantGroup section */

/* Begin XCBuildConfiguration section */
		C0BAD8CD28C346DD0068B999 /* Debug */ = {
			isa = XCBuildConfiguration;
			buildSettings = {
				ALWAYS_SEARCH_USER_PATHS = NO;
				CLANG_ANALYZER_NONNULL = YES;
				CLANG_ANALYZER_NUMBER_OBJECT_CONVERSION = YES_AGGRESSIVE;
				CLANG_CXX_LANGUAGE_STANDARD = "gnu++17";
				CLANG_ENABLE_MODULES = YES;
				CLANG_ENABLE_OBJC_ARC = YES;
				CLANG_ENABLE_OBJC_WEAK = YES;
				CLANG_WARN_BLOCK_CAPTURE_AUTORELEASING = YES;
				CLANG_WARN_BOOL_CONVERSION = YES;
				CLANG_WARN_COMMA = YES;
				CLANG_WARN_CONSTANT_CONVERSION = YES;
				CLANG_WARN_DEPRECATED_OBJC_IMPLEMENTATIONS = YES;
				CLANG_WARN_DIRECT_OBJC_ISA_USAGE = YES_ERROR;
				CLANG_WARN_DOCUMENTATION_COMMENTS = YES;
				CLANG_WARN_EMPTY_BODY = YES;
				CLANG_WARN_ENUM_CONVERSION = YES;
				CLANG_WARN_INFINITE_RECURSION = YES;
				CLANG_WARN_INT_CONVERSION = YES;
				CLANG_WARN_NON_LITERAL_NULL_CONVERSION = YES;
				CLANG_WARN_OBJC_IMPLICIT_RETAIN_SELF = YES;
				CLANG_WARN_OBJC_LITERAL_CONVERSION = YES;
				CLANG_WARN_OBJC_ROOT_CLASS = YES_ERROR;
				CLANG_WARN_QUOTED_INCLUDE_IN_FRAMEWORK_HEADER = YES;
				CLANG_WARN_RANGE_LOOP_ANALYSIS = YES;
				CLANG_WARN_STRICT_PROTOTYPES = YES;
				CLANG_WARN_SUSPICIOUS_MOVE = YES;
				CLANG_WARN_UNGUARDED_AVAILABILITY = YES_AGGRESSIVE;
				CLANG_WARN_UNREACHABLE_CODE = YES;
				CLANG_WARN__DUPLICATE_METHOD_MATCH = YES;
				COPY_PHASE_STRIP = NO;
				DEBUG_INFORMATION_FORMAT = dwarf;
				ENABLE_STRICT_OBJC_MSGSEND = YES;
				ENABLE_TESTABILITY = YES;
				GCC_C_LANGUAGE_STANDARD = gnu11;
				GCC_DYNAMIC_NO_PIC = NO;
				GCC_NO_COMMON_BLOCKS = YES;
				GCC_OPTIMIZATION_LEVEL = 0;
				GCC_PREPROCESSOR_DEFINITIONS = (
					"DEBUG=1",
					"$(inherited)",
				);
				GCC_WARN_64_TO_32_BIT_CONVERSION = YES;
				GCC_WARN_ABOUT_RETURN_TYPE = YES_ERROR;
				GCC_WARN_UNDECLARED_SELECTOR = YES;
				GCC_WARN_UNINITIALIZED_AUTOS = YES_AGGRESSIVE;
				GCC_WARN_UNUSED_FUNCTION = YES;
				GCC_WARN_UNUSED_VARIABLE = YES;
				IPHONEOS_DEPLOYMENT_TARGET = 15.5;
				MTL_ENABLE_DEBUG_INFO = INCLUDE_SOURCE;
				MTL_FAST_MATH = YES;
				ONLY_ACTIVE_ARCH = YES;
				SDKROOT = iphoneos;
				SWIFT_ACTIVE_COMPILATION_CONDITIONS = DEBUG;
				SWIFT_OPTIMIZATION_LEVEL = "-Onone";
			};
			name = Debug;
		};
		C0BAD8CE28C346DD0068B999 /* Release */ = {
			isa = XCBuildConfiguration;
			buildSettings = {
				ALWAYS_SEARCH_USER_PATHS = NO;
				CLANG_ANALYZER_NONNULL = YES;
				CLANG_ANALYZER_NUMBER_OBJECT_CONVERSION = YES_AGGRESSIVE;
				CLANG_CXX_LANGUAGE_STANDARD = "gnu++17";
				CLANG_ENABLE_MODULES = YES;
				CLANG_ENABLE_OBJC_ARC = YES;
				CLANG_ENABLE_OBJC_WEAK = YES;
				CLANG_WARN_BLOCK_CAPTURE_AUTORELEASING = YES;
				CLANG_WARN_BOOL_CONVERSION = YES;
				CLANG_WARN_COMMA = YES;
				CLANG_WARN_CONSTANT_CONVERSION = YES;
				CLANG_WARN_DEPRECATED_OBJC_IMPLEMENTATIONS = YES;
				CLANG_WARN_DIRECT_OBJC_ISA_USAGE = YES_ERROR;
				CLANG_WARN_DOCUMENTATION_COMMENTS = YES;
				CLANG_WARN_EMPTY_BODY = YES;
				CLANG_WARN_ENUM_CONVERSION = YES;
				CLANG_WARN_INFINITE_RECURSION = YES;
				CLANG_WARN_INT_CONVERSION = YES;
				CLANG_WARN_NON_LITERAL_NULL_CONVERSION = YES;
				CLANG_WARN_OBJC_IMPLICIT_RETAIN_SELF = YES;
				CLANG_WARN_OBJC_LITERAL_CONVERSION = YES;
				CLANG_WARN_OBJC_ROOT_CLASS = YES_ERROR;
				CLANG_WARN_QUOTED_INCLUDE_IN_FRAMEWORK_HEADER = YES;
				CLANG_WARN_RANGE_LOOP_ANALYSIS = YES;
				CLANG_WARN_STRICT_PROTOTYPES = YES;
				CLANG_WARN_SUSPICIOUS_MOVE = YES;
				CLANG_WARN_UNGUARDED_AVAILABILITY = YES_AGGRESSIVE;
				CLANG_WARN_UNREACHABLE_CODE = YES;
				CLANG_WARN__DUPLICATE_METHOD_MATCH = YES;
				COPY_PHASE_STRIP = NO;
				DEBUG_INFORMATION_FORMAT = "dwarf-with-dsym";
				ENABLE_NS_ASSERTIONS = NO;
				ENABLE_STRICT_OBJC_MSGSEND = YES;
				GCC_C_LANGUAGE_STANDARD = gnu11;
				GCC_NO_COMMON_BLOCKS = YES;
				GCC_WARN_64_TO_32_BIT_CONVERSION = YES;
				GCC_WARN_ABOUT_RETURN_TYPE = YES_ERROR;
				GCC_WARN_UNDECLARED_SELECTOR = YES;
				GCC_WARN_UNINITIALIZED_AUTOS = YES_AGGRESSIVE;
				GCC_WARN_UNUSED_FUNCTION = YES;
				GCC_WARN_UNUSED_VARIABLE = YES;
				IPHONEOS_DEPLOYMENT_TARGET = 15.5;
				MTL_ENABLE_DEBUG_INFO = NO;
				MTL_FAST_MATH = YES;
				SDKROOT = iphoneos;
				SWIFT_COMPILATION_MODE = wholemodule;
				SWIFT_OPTIMIZATION_LEVEL = "-O";
				VALIDATE_PRODUCT = YES;
			};
			name = Release;
		};
		C0BAD8D028C346DD0068B999 /* Debug */ = {
			isa = XCBuildConfiguration;
			buildSettings = {
				ASSETCATALOG_COMPILER_APPICON_NAME = AppIcon;
				ASSETCATALOG_COMPILER_GLOBAL_ACCENT_COLOR_NAME = AccentColor;
				CODE_SIGN_STYLE = Automatic;
				CURRENT_PROJECT_VERSION = 1;
				DEVELOPMENT_TEAM = N4P48JMYVV;
				GENERATE_INFOPLIST_FILE = YES;
				INFOPLIST_FILE = Basic_05/Info.plist;
				INFOPLIST_KEY_UIApplicationSupportsIndirectInputEvents = YES;
				INFOPLIST_KEY_UILaunchStoryboardName = LaunchScreen;
				INFOPLIST_KEY_UIMainStoryboardFile = Main;
				INFOPLIST_KEY_UISupportedInterfaceOrientations_iPad = "UIInterfaceOrientationPortrait UIInterfaceOrientationPortraitUpsideDown UIInterfaceOrientationLandscapeLeft UIInterfaceOrientationLandscapeRight";
				INFOPLIST_KEY_UISupportedInterfaceOrientations_iPhone = "UIInterfaceOrientationPortrait UIInterfaceOrientationLandscapeLeft UIInterfaceOrientationLandscapeRight";
				LD_RUNPATH_SEARCH_PATHS = (
					"$(inherited)",
					"@executable_path/Frameworks",
				);
				MARKETING_VERSION = 1.0;
				PRODUCT_BUNDLE_IDENTIFIER = "kodo.Basic-05";
				PRODUCT_NAME = "$(TARGET_NAME)";
				SWIFT_EMIT_LOC_STRINGS = YES;
				SWIFT_VERSION = 5.0;
				TARGETED_DEVICE_FAMILY = "1,2";
			};
			name = Debug;
		};
		C0BAD8D128C346DD0068B999 /* Release */ = {
			isa = XCBuildConfiguration;
			buildSettings = {
				ASSETCATALOG_COMPILER_APPICON_NAME = AppIcon;
				ASSETCATALOG_COMPILER_GLOBAL_ACCENT_COLOR_NAME = AccentColor;
				CODE_SIGN_STYLE = Automatic;
				CURRENT_PROJECT_VERSION = 1;
				DEVELOPMENT_TEAM = N4P48JMYVV;
				GENERATE_INFOPLIST_FILE = YES;
				INFOPLIST_FILE = Basic_05/Info.plist;
				INFOPLIST_KEY_UIApplicationSupportsIndirectInputEvents = YES;
				INFOPLIST_KEY_UILaunchStoryboardName = LaunchScreen;
				INFOPLIST_KEY_UIMainStoryboardFile = Main;
				INFOPLIST_KEY_UISupportedInterfaceOrientations_iPad = "UIInterfaceOrientationPortrait UIInterfaceOrientationPortraitUpsideDown UIInterfaceOrientationLandscapeLeft UIInterfaceOrientationLandscapeRight";
				INFOPLIST_KEY_UISupportedInterfaceOrientations_iPhone = "UIInterfaceOrientationPortrait UIInterfaceOrientationLandscapeLeft UIInterfaceOrientationLandscapeRight";
				LD_RUNPATH_SEARCH_PATHS = (
					"$(inherited)",
					"@executable_path/Frameworks",
				);
				MARKETING_VERSION = 1.0;
				PRODUCT_BUNDLE_IDENTIFIER = "kodo.Basic-05";
				PRODUCT_NAME = "$(TARGET_NAME)";
				SWIFT_EMIT_LOC_STRINGS = YES;
				SWIFT_VERSION = 5.0;
				TARGETED_DEVICE_FAMILY = "1,2";
			};
			name = Release;
		};
		C0BAD8D328C346DD0068B999 /* Debug */ = {
			isa = XCBuildConfiguration;
			buildSettings = {
				ALWAYS_EMBED_SWIFT_STANDARD_LIBRARIES = YES;
				BUNDLE_LOADER = "$(TEST_HOST)";
				CODE_SIGN_STYLE = Automatic;
				CURRENT_PROJECT_VERSION = 1;
				DEVELOPMENT_TEAM = N4P48JMYVV;
				GENERATE_INFOPLIST_FILE = YES;
				IPHONEOS_DEPLOYMENT_TARGET = 15.5;
				MARKETING_VERSION = 1.0;
				PRODUCT_BUNDLE_IDENTIFIER = "kodo.Basic-05Tests";
				PRODUCT_NAME = "$(TARGET_NAME)";
				SWIFT_EMIT_LOC_STRINGS = NO;
				SWIFT_VERSION = 5.0;
				TARGETED_DEVICE_FAMILY = "1,2";
				TEST_HOST = "$(BUILT_PRODUCTS_DIR)/Basic_05.app/Basic_05";
			};
			name = Debug;
		};
		C0BAD8D428C346DD0068B999 /* Release */ = {
			isa = XCBuildConfiguration;
			buildSettings = {
				ALWAYS_EMBED_SWIFT_STANDARD_LIBRARIES = YES;
				BUNDLE_LOADER = "$(TEST_HOST)";
				CODE_SIGN_STYLE = Automatic;
				CURRENT_PROJECT_VERSION = 1;
				DEVELOPMENT_TEAM = N4P48JMYVV;
				GENERATE_INFOPLIST_FILE = YES;
				IPHONEOS_DEPLOYMENT_TARGET = 15.5;
				MARKETING_VERSION = 1.0;
				PRODUCT_BUNDLE_IDENTIFIER = "kodo.Basic-05Tests";
				PRODUCT_NAME = "$(TARGET_NAME)";
				SWIFT_EMIT_LOC_STRINGS = NO;
				SWIFT_VERSION = 5.0;
				TARGETED_DEVICE_FAMILY = "1,2";
				TEST_HOST = "$(BUILT_PRODUCTS_DIR)/Basic_05.app/Basic_05";
			};
			name = Release;
		};
		C0BAD8D628C346DD0068B999 /* Debug */ = {
			isa = XCBuildConfiguration;
			buildSettings = {
				ALWAYS_EMBED_SWIFT_STANDARD_LIBRARIES = YES;
				CODE_SIGN_STYLE = Automatic;
				CURRENT_PROJECT_VERSION = 1;
				DEVELOPMENT_TEAM = N4P48JMYVV;
				GENERATE_INFOPLIST_FILE = YES;
				MARKETING_VERSION = 1.0;
				PRODUCT_BUNDLE_IDENTIFIER = "kodo.Basic-05UITests";
				PRODUCT_NAME = "$(TARGET_NAME)";
				SWIFT_EMIT_LOC_STRINGS = NO;
				SWIFT_VERSION = 5.0;
				TARGETED_DEVICE_FAMILY = "1,2";
				TEST_TARGET_NAME = Basic_05;
			};
			name = Debug;
		};
		C0BAD8D728C346DD0068B999 /* Release */ = {
			isa = XCBuildConfiguration;
			buildSettings = {
				ALWAYS_EMBED_SWIFT_STANDARD_LIBRARIES = YES;
				CODE_SIGN_STYLE = Automatic;
				CURRENT_PROJECT_VERSION = 1;
				DEVELOPMENT_TEAM = N4P48JMYVV;
				GENERATE_INFOPLIST_FILE = YES;
				MARKETING_VERSION = 1.0;
				PRODUCT_BUNDLE_IDENTIFIER = "kodo.Basic-05UITests";
				PRODUCT_NAME = "$(TARGET_NAME)";
				SWIFT_EMIT_LOC_STRINGS = NO;
				SWIFT_VERSION = 5.0;
				TARGETED_DEVICE_FAMILY = "1,2";
				TEST_TARGET_NAME = Basic_05;
			};
			name = Release;
		};
/* End XCBuildConfiguration section */

/* Begin XCConfigurationList section */
		C0BAD8A028C346DC0068B999 /* Build configuration list for PBXProject "Basic_05" */ = {
			isa = XCConfigurationList;
			buildConfigurations = (
				C0BAD8CD28C346DD0068B999 /* Debug */,
				C0BAD8CE28C346DD0068B999 /* Release */,
			);
			defaultConfigurationIsVisible = 0;
			defaultConfigurationName = Release;
		};
		C0BAD8CF28C346DD0068B999 /* Build configuration list for PBXNativeTarget "Basic_05" */ = {
			isa = XCConfigurationList;
			buildConfigurations = (
				C0BAD8D028C346DD0068B999 /* Debug */,
				C0BAD8D128C346DD0068B999 /* Release */,
			);
			defaultConfigurationIsVisible = 0;
			defaultConfigurationName = Release;
		};
		C0BAD8D228C346DD0068B999 /* Build configuration list for PBXNativeTarget "Basic_05Tests" */ = {
			isa = XCConfigurationList;
			buildConfigurations = (
				C0BAD8D328C346DD0068B999 /* Debug */,
				C0BAD8D428C346DD0068B999 /* Release */,
			);
			defaultConfigurationIsVisible = 0;
			defaultConfigurationName = Release;
		};
		C0BAD8D528C346DD0068B999 /* Build configuration list for PBXNativeTarget "Basic_05UITests" */ = {
			isa = XCConfigurationList;
			buildConfigurations = (
				C0BAD8D628C346DD0068B999 /* Debug */,
				C0BAD8D728C346DD0068B999 /* Release */,
			);
			defaultConfigurationIsVisible = 0;
			defaultConfigurationName = Release;
		};
/* End XCConfigurationList section */
	};
	rootObject = C0BAD89D28C346DC0068B999 /* Project object */;
}
