// !$*UTF8*$!
{
	archiveVersion = 1;
	classes = {
	};
	objectVersion = 56;
	objects = {

/* Begin PBXBuildFile section */
		C06227D029757EEE008E4FAA /* UIButton+Extension.swift in Sources */ = {isa = PBXBuildFile; fileRef = C06227CF29757EEE008E4FAA /* UIButton+Extension.swift */; };
		C07B91EA29633DB600E2E7C4 /* ContentCollectionViewRankCell.swift in Sources */ = {isa = PBXBuildFile; fileRef = C07B91E929633DB600E2E7C4 /* ContentCollectionViewRankCell.swift */; };
		C07B91EF2964858A00E2E7C4 /* ContentCollectionViewMainCell.swift in Sources */ = {isa = PBXBuildFile; fileRef = C07B91EE2964858A00E2E7C4 /* ContentCollectionViewMainCell.swift */; };
		C08D492D29615AD80035A01D /* AppDelegate.swift in Sources */ = {isa = PBXBuildFile; fileRef = C08D492C29615AD80035A01D /* AppDelegate.swift */; };
		C08D492F29615AD80035A01D /* SceneDelegate.swift in Sources */ = {isa = PBXBuildFile; fileRef = C08D492E29615AD80035A01D /* SceneDelegate.swift */; };
		C08D493629615AD90035A01D /* Assets.xcassets in Resources */ = {isa = PBXBuildFile; fileRef = C08D493529615AD90035A01D /* Assets.xcassets */; };
		C08D493929615AD90035A01D /* LaunchScreen.storyboard in Resources */ = {isa = PBXBuildFile; fileRef = C08D493729615AD90035A01D /* LaunchScreen.storyboard */; };
		C08D49412961619C0035A01D /* HomeViewController.swift in Sources */ = {isa = PBXBuildFile; fileRef = C08D49402961619C0035A01D /* HomeViewController.swift */; };
		C08D4944296162E20035A01D /* SnapKit in Frameworks */ = {isa = PBXBuildFile; productRef = C08D4943296162E20035A01D /* SnapKit */; };
		C08D49462961B91F0035A01D /* Content.plist in Resources */ = {isa = PBXBuildFile; fileRef = C08D49452961B91F0035A01D /* Content.plist */; };
		C08D49482961B9570035A01D /* Content.swift in Sources */ = {isa = PBXBuildFile; fileRef = C08D49472961B9570035A01D /* Content.swift */; };
		C08D494A2961D9E20035A01D /* ContentCollectionViewCell.swift in Sources */ = {isa = PBXBuildFile; fileRef = C08D49492961D9E20035A01D /* ContentCollectionViewCell.swift */; };
		C08D494C2961DC5D0035A01D /* ContentCollectionViewHeader.swift in Sources */ = {isa = PBXBuildFile; fileRef = C08D494B2961DC5D0035A01D /* ContentCollectionViewHeader.swift */; };
/* End PBXBuildFile section */

/* Begin PBXFileReference section */
		C06227CF29757EEE008E4FAA /* UIButton+Extension.swift */ = {isa = PBXFileReference; lastKnownFileType = sourcecode.swift; path = "UIButton+Extension.swift"; sourceTree = "<group>"; };
		C07B91E929633DB600E2E7C4 /* ContentCollectionViewRankCell.swift */ = {isa = PBXFileReference; lastKnownFileType = sourcecode.swift; path = ContentCollectionViewRankCell.swift; sourceTree = "<group>"; };
		C07B91EE2964858A00E2E7C4 /* ContentCollectionViewMainCell.swift */ = {isa = PBXFileReference; lastKnownFileType = sourcecode.swift; path = ContentCollectionViewMainCell.swift; sourceTree = "<group>"; };
		C08D492929615AD80035A01D /* Intermediate_06.app */ = {isa = PBXFileReference; explicitFileType = wrapper.application; includeInIndex = 0; path = Intermediate_06.app; sourceTree = BUILT_PRODUCTS_DIR; };
		C08D492C29615AD80035A01D /* AppDelegate.swift */ = {isa = PBXFileReference; lastKnownFileType = sourcecode.swift; path = AppDelegate.swift; sourceTree = "<group>"; };
		C08D492E29615AD80035A01D /* SceneDelegate.swift */ = {isa = PBXFileReference; lastKnownFileType = sourcecode.swift; path = SceneDelegate.swift; sourceTree = "<group>"; };
		C08D493529615AD90035A01D /* Assets.xcassets */ = {isa = PBXFileReference; lastKnownFileType = folder.assetcatalog; path = Assets.xcassets; sourceTree = "<group>"; };
		C08D493829615AD90035A01D /* Base */ = {isa = PBXFileReference; lastKnownFileType = file.storyboard; name = Base; path = Base.lproj/LaunchScreen.storyboard; sourceTree = "<group>"; };
		C08D493A29615AD90035A01D /* Info.plist */ = {isa = PBXFileReference; lastKnownFileType = text.plist.xml; path = Info.plist; sourceTree = "<group>"; };
		C08D49402961619C0035A01D /* HomeViewController.swift */ = {isa = PBXFileReference; lastKnownFileType = sourcecode.swift; path = HomeViewController.swift; sourceTree = "<group>"; };
		C08D49452961B91F0035A01D /* Content.plist */ = {isa = PBXFileReference; fileEncoding = 4; lastKnownFileType = text.plist.xml; path = Content.plist; sourceTree = "<group>"; };
		C08D49472961B9570035A01D /* Content.swift */ = {isa = PBXFileReference; lastKnownFileType = sourcecode.swift; path = Content.swift; sourceTree = "<group>"; };
		C08D49492961D9E20035A01D /* ContentCollectionViewCell.swift */ = {isa = PBXFileReference; lastKnownFileType = sourcecode.swift; path = ContentCollectionViewCell.swift; sourceTree = "<group>"; };
		C08D494B2961DC5D0035A01D /* ContentCollectionViewHeader.swift */ = {isa = PBXFileReference; lastKnownFileType = sourcecode.swift; path = ContentCollectionViewHeader.swift; sourceTree = "<group>"; };
/* End PBXFileReference section */

/* Begin PBXFrameworksBuildPhase section */
		C08D492629615AD80035A01D /* Frameworks */ = {
			isa = PBXFrameworksBuildPhase;
			buildActionMask = 2147483647;
			files = (
				C08D4944296162E20035A01D /* SnapKit in Frameworks */,
			);
			runOnlyForDeploymentPostprocessing = 0;
		};
/* End PBXFrameworksBuildPhase section */

/* Begin PBXGroup section */
		C08D492029615AD80035A01D = {
			isa = PBXGroup;
			children = (
				C08D492B29615AD80035A01D /* Intermediate_06 */,
				C08D492A29615AD80035A01D /* Products */,
			);
			sourceTree = "<group>";
		};
		C08D492A29615AD80035A01D /* Products */ = {
			isa = PBXGroup;
			children = (
				C08D492929615AD80035A01D /* Intermediate_06.app */,
			);
			name = Products;
			sourceTree = "<group>";
		};
		C08D492B29615AD80035A01D /* Intermediate_06 */ = {
			isa = PBXGroup;
			children = (
				C08D492C29615AD80035A01D /* AppDelegate.swift */,
				C08D492E29615AD80035A01D /* SceneDelegate.swift */,
				C08D493529615AD90035A01D /* Assets.xcassets */,
				C08D493729615AD90035A01D /* LaunchScreen.storyboard */,
				C08D493A29615AD90035A01D /* Info.plist */,
				C08D49402961619C0035A01D /* HomeViewController.swift */,
				C08D49452961B91F0035A01D /* Content.plist */,
				C08D49472961B9570035A01D /* Content.swift */,
				C08D49492961D9E20035A01D /* ContentCollectionViewCell.swift */,
				C08D494B2961DC5D0035A01D /* ContentCollectionViewHeader.swift */,
				C07B91E929633DB600E2E7C4 /* ContentCollectionViewRankCell.swift */,
				C07B91EE2964858A00E2E7C4 /* ContentCollectionViewMainCell.swift */,
				C06227CF29757EEE008E4FAA /* UIButton+Extension.swift */,
			);
			path = Intermediate_06;
			sourceTree = "<group>";
		};
/* End PBXGroup section */

/* Begin PBXNativeTarget section */
		C08D492829615AD80035A01D /* Intermediate_06 */ = {
			isa = PBXNativeTarget;
			buildConfigurationList = C08D493D29615AD90035A01D /* Build configuration list for PBXNativeTarget "Intermediate_06" */;
			buildPhases = (
				C08D492529615AD80035A01D /* Sources */,
				C08D492629615AD80035A01D /* Frameworks */,
				C08D492729615AD80035A01D /* Resources */,
			);
			buildRules = (
			);
			dependencies = (
			);
			name = Intermediate_06;
			packageProductDependencies = (
				C08D4943296162E20035A01D /* SnapKit */,
			);
			productName = Intermediate_06;
			productReference = C08D492929615AD80035A01D /* Intermediate_06.app */;
			productType = "com.apple.product-type.application";
		};
/* End PBXNativeTarget section */

/* Begin PBXProject section */
		C08D492129615AD80035A01D /* Project object */ = {
			isa = PBXProject;
			attributes = {
				BuildIndependentTargetsInParallel = 1;
				LastSwiftUpdateCheck = 1420;
				LastUpgradeCheck = 1420;
				TargetAttributes = {
					C08D492829615AD80035A01D = {
						CreatedOnToolsVersion = 14.2;
					};
				};
			};
			buildConfigurationList = C08D492429615AD80035A01D /* Build configuration list for PBXProject "Intermediate_06" */;
			compatibilityVersion = "Xcode 14.0";
			developmentRegion = en;
			hasScannedForEncodings = 0;
			knownRegions = (
				en,
				Base,
			);
			mainGroup = C08D492029615AD80035A01D;
			packageReferences = (
				C08D4942296162E20035A01D /* XCRemoteSwiftPackageReference "SnapKit" */,
			);
			productRefGroup = C08D492A29615AD80035A01D /* Products */;
			projectDirPath = "";
			projectRoot = "";
			targets = (
				C08D492829615AD80035A01D /* Intermediate_06 */,
			);
		};
/* End PBXProject section */

/* Begin PBXResourcesBuildPhase section */
		C08D492729615AD80035A01D /* Resources */ = {
			isa = PBXResourcesBuildPhase;
			buildActionMask = 2147483647;
			files = (
				C08D493929615AD90035A01D /* LaunchScreen.storyboard in Resources */,
				C08D493629615AD90035A01D /* Assets.xcassets in Resources */,
				C08D49462961B91F0035A01D /* Content.plist in Resources */,
			);
			runOnlyForDeploymentPostprocessing = 0;
		};
/* End PBXResourcesBuildPhase section */

/* Begin PBXSourcesBuildPhase section */
		C08D492529615AD80035A01D /* Sources */ = {
			isa = PBXSourcesBuildPhase;
			buildActionMask = 2147483647;
			files = (
				C08D492D29615AD80035A01D /* AppDelegate.swift in Sources */,
				C08D494C2961DC5D0035A01D /* ContentCollectionViewHeader.swift in Sources */,
				C08D492F29615AD80035A01D /* SceneDelegate.swift in Sources */,
				C07B91EA29633DB600E2E7C4 /* ContentCollectionViewRankCell.swift in Sources */,
				C08D49412961619C0035A01D /* HomeViewController.swift in Sources */,
				C06227D029757EEE008E4FAA /* UIButton+Extension.swift in Sources */,
				C07B91EF2964858A00E2E7C4 /* ContentCollectionViewMainCell.swift in Sources */,
				C08D49482961B9570035A01D /* Content.swift in Sources */,
				C08D494A2961D9E20035A01D /* ContentCollectionViewCell.swift in Sources */,
			);
			runOnlyForDeploymentPostprocessing = 0;
		};
/* End PBXSourcesBuildPhase section */

/* Begin PBXVariantGroup section */
		C08D493729615AD90035A01D /* LaunchScreen.storyboard */ = {
			isa = PBXVariantGroup;
			children = (
				C08D493829615AD90035A01D /* Base */,
			);
			name = LaunchScreen.storyboard;
			sourceTree = "<group>";
		};
/* End PBXVariantGroup section */

/* Begin XCBuildConfiguration section */
		C08D493B29615AD90035A01D /* Debug */ = {
			isa = XCBuildConfiguration;
			buildSettings = {
				ALWAYS_SEARCH_USER_PATHS = NO;
				CLANG_ANALYZER_NONNULL = YES;
				CLANG_ANALYZER_NUMBER_OBJECT_CONVERSION = YES_AGGRESSIVE;
				CLANG_CXX_LANGUAGE_STANDARD = "gnu++20";
				CLANG_ENABLE_MODULES = YES;
				CLANG_ENABLE_OBJC_ARC = YES;
				CLANG_ENABLE_OBJC_WEAK = YES;
				CLANG_WARN_BLOCK_CAPTURE_AUTORELEASING = YES;
				CLANG_WARN_BOOL_CONVERSION = YES;
				CLANG_WARN_COMMA = YES;
				CLANG_WARN_CONSTANT_CONVERSION = YES;
				CLANG_WARN_DEPRECATED_OBJC_IMPLEMENTATIONS = YES;
				CLANG_WARN_DIRECT_OBJC_ISA_USAGE = YES_ERROR;
				CLANG_WARN_DOCUMENTATION_COMMENTS = YES;
				CLANG_WARN_EMPTY_BODY = YES;
				CLANG_WARN_ENUM_CONVERSION = YES;
				CLANG_WARN_INFINITE_RECURSION = YES;
				CLANG_WARN_INT_CONVERSION = YES;
				CLANG_WARN_NON_LITERAL_NULL_CONVERSION = YES;
				CLANG_WARN_OBJC_IMPLICIT_RETAIN_SELF = YES;
				CLANG_WARN_OBJC_LITERAL_CONVERSION = YES;
				CLANG_WARN_OBJC_ROOT_CLASS = YES_ERROR;
				CLANG_WARN_QUOTED_INCLUDE_IN_FRAMEWORK_HEADER = YES;
				CLANG_WARN_RANGE_LOOP_ANALYSIS = YES;
				CLANG_WARN_STRICT_PROTOTYPES = YES;
				CLANG_WARN_SUSPICIOUS_MOVE = YES;
				CLANG_WARN_UNGUARDED_AVAILABILITY = YES_AGGRESSIVE;
				CLANG_WARN_UNREACHABLE_CODE = YES;
				CLANG_WARN__DUPLICATE_METHOD_MATCH = YES;
				COPY_PHASE_STRIP = NO;
				DEBUG_INFORMATION_FORMAT = dwarf;
				ENABLE_STRICT_OBJC_MSGSEND = YES;
				ENABLE_TESTABILITY = YES;
				GCC_C_LANGUAGE_STANDARD = gnu11;
				GCC_DYNAMIC_NO_PIC = NO;
				GCC_NO_COMMON_BLOCKS = YES;
				GCC_OPTIMIZATION_LEVEL = 0;
				GCC_PREPROCESSOR_DEFINITIONS = (
					"DEBUG=1",
					"$(inherited)",
				);
				GCC_WARN_64_TO_32_BIT_CONVERSION = YES;
				GCC_WARN_ABOUT_RETURN_TYPE = YES_ERROR;
				GCC_WARN_UNDECLARED_SELECTOR = YES;
				GCC_WARN_UNINITIALIZED_AUTOS = YES_AGGRESSIVE;
				GCC_WARN_UNUSED_FUNCTION = YES;
				GCC_WARN_UNUSED_VARIABLE = YES;
				IPHONEOS_DEPLOYMENT_TARGET = 16.2;
				MTL_ENABLE_DEBUG_INFO = INCLUDE_SOURCE;
				MTL_FAST_MATH = YES;
				ONLY_ACTIVE_ARCH = YES;
				SDKROOT = iphoneos;
				SWIFT_ACTIVE_COMPILATION_CONDITIONS = DEBUG;
				SWIFT_OPTIMIZATION_LEVEL = "-Onone";
			};
			name = Debug;
		};
		C08D493C29615AD90035A01D /* Release */ = {
			isa = XCBuildConfiguration;
			buildSettings = {
				ALWAYS_SEARCH_USER_PATHS = NO;
				CLANG_ANALYZER_NONNULL = YES;
				CLANG_ANALYZER_NUMBER_OBJECT_CONVERSION = YES_AGGRESSIVE;
				CLANG_CXX_LANGUAGE_STANDARD = "gnu++20";
				CLANG_ENABLE_MODULES = YES;
				CLANG_ENABLE_OBJC_ARC = YES;
				CLANG_ENABLE_OBJC_WEAK = YES;
				CLANG_WARN_BLOCK_CAPTURE_AUTORELEASING = YES;
				CLANG_WARN_BOOL_CONVERSION = YES;
				CLANG_WARN_COMMA = YES;
				CLANG_WARN_CONSTANT_CONVERSION = YES;
				CLANG_WARN_DEPRECATED_OBJC_IMPLEMENTATIONS = YES;
				CLANG_WARN_DIRECT_OBJC_ISA_USAGE = YES_ERROR;
				CLANG_WARN_DOCUMENTATION_COMMENTS = YES;
				CLANG_WARN_EMPTY_BODY = YES;
				CLANG_WARN_ENUM_CONVERSION = YES;
				CLANG_WARN_INFINITE_RECURSION = YES;
				CLANG_WARN_INT_CONVERSION = YES;
				CLANG_WARN_NON_LITERAL_NULL_CONVERSION = YES;
				CLANG_WARN_OBJC_IMPLICIT_RETAIN_SELF = YES;
				CLANG_WARN_OBJC_LITERAL_CONVERSION = YES;
				CLANG_WARN_OBJC_ROOT_CLASS = YES_ERROR;
				CLANG_WARN_QUOTED_INCLUDE_IN_FRAMEWORK_HEADER = YES;
				CLANG_WARN_RANGE_LOOP_ANALYSIS = YES;
				CLANG_WARN_STRICT_PROTOTYPES = YES;
				CLANG_WARN_SUSPICIOUS_MOVE = YES;
				CLANG_WARN_UNGUARDED_AVAILABILITY = YES_AGGRESSIVE;
				CLANG_WARN_UNREACHABLE_CODE = YES;
				CLANG_WARN__DUPLICATE_METHOD_MATCH = YES;
				COPY_PHASE_STRIP = NO;
				DEBUG_INFORMATION_FORMAT = "dwarf-with-dsym";
				ENABLE_NS_ASSERTIONS = NO;
				ENABLE_STRICT_OBJC_MSGSEND = YES;
				GCC_C_LANGUAGE_STANDARD = gnu11;
				GCC_NO_COMMON_BLOCKS = YES;
				GCC_WARN_64_TO_32_BIT_CONVERSION = YES;
				GCC_WARN_ABOUT_RETURN_TYPE = YES_ERROR;
				GCC_WARN_UNDECLARED_SELECTOR = YES;
				GCC_WARN_UNINITIALIZED_AUTOS = YES_AGGRESSIVE;
				GCC_WARN_UNUSED_FUNCTION = YES;
				GCC_WARN_UNUSED_VARIABLE = YES;
				IPHONEOS_DEPLOYMENT_TARGET = 16.2;
				MTL_ENABLE_DEBUG_INFO = NO;
				MTL_FAST_MATH = YES;
				SDKROOT = iphoneos;
				SWIFT_COMPILATION_MODE = wholemodule;
				SWIFT_OPTIMIZATION_LEVEL = "-O";
				VALIDATE_PRODUCT = YES;
			};
			name = Release;
		};
		C08D493E29615AD90035A01D /* Debug */ = {
			isa = XCBuildConfiguration;
			buildSettings = {
				ASSETCATALOG_COMPILER_APPICON_NAME = AppIcon;
				ASSETCATALOG_COMPILER_GLOBAL_ACCENT_COLOR_NAME = AccentColor;
				CODE_SIGN_STYLE = Automatic;
				CURRENT_PROJECT_VERSION = 1;
				DEVELOPMENT_TEAM = N4P48JMYVV;
				GENERATE_INFOPLIST_FILE = YES;
				INFOPLIST_FILE = Intermediate_06/Info.plist;
				INFOPLIST_KEY_UIApplicationSupportsIndirectInputEvents = YES;
				INFOPLIST_KEY_UILaunchStoryboardName = LaunchScreen;
				INFOPLIST_KEY_UIMainStoryboardFile = Main;
				INFOPLIST_KEY_UISupportedInterfaceOrientations_iPad = "UIInterfaceOrientationPortrait UIInterfaceOrientationPortraitUpsideDown UIInterfaceOrientationLandscapeLeft UIInterfaceOrientationLandscapeRight";
				INFOPLIST_KEY_UISupportedInterfaceOrientations_iPhone = "UIInterfaceOrientationPortrait UIInterfaceOrientationLandscapeLeft UIInterfaceOrientationLandscapeRight";
				LD_RUNPATH_SEARCH_PATHS = (
					"$(inherited)",
					"@executable_path/Frameworks",
				);
				MARKETING_VERSION = 1.0;
				PRODUCT_BUNDLE_IDENTIFIER = "kodo.Intermediate-06";
				PRODUCT_NAME = "$(TARGET_NAME)";
				SWIFT_EMIT_LOC_STRINGS = YES;
				SWIFT_VERSION = 5.0;
				TARGETED_DEVICE_FAMILY = "1,2";
			};
			name = Debug;
		};
		C08D493F29615AD90035A01D /* Release */ = {
			isa = XCBuildConfiguration;
			buildSettings = {
				ASSETCATALOG_COMPILER_APPICON_NAME = AppIcon;
				ASSETCATALOG_COMPILER_GLOBAL_ACCENT_COLOR_NAME = AccentColor;
				CODE_SIGN_STYLE = Automatic;
				CURRENT_PROJECT_VERSION = 1;
				DEVELOPMENT_TEAM = N4P48JMYVV;
				GENERATE_INFOPLIST_FILE = YES;
				INFOPLIST_FILE = Intermediate_06/Info.plist;
				INFOPLIST_KEY_UIApplicationSupportsIndirectInputEvents = YES;
				INFOPLIST_KEY_UILaunchStoryboardName = LaunchScreen;
				INFOPLIST_KEY_UIMainStoryboardFile = Main;
				INFOPLIST_KEY_UISupportedInterfaceOrientations_iPad = "UIInterfaceOrientationPortrait UIInterfaceOrientationPortraitUpsideDown UIInterfaceOrientationLandscapeLeft UIInterfaceOrientationLandscapeRight";
				INFOPLIST_KEY_UISupportedInterfaceOrientations_iPhone = "UIInterfaceOrientationPortrait UIInterfaceOrientationLandscapeLeft UIInterfaceOrientationLandscapeRight";
				LD_RUNPATH_SEARCH_PATHS = (
					"$(inherited)",
					"@executable_path/Frameworks",
				);
				MARKETING_VERSION = 1.0;
				PRODUCT_BUNDLE_IDENTIFIER = "kodo.Intermediate-06";
				PRODUCT_NAME = "$(TARGET_NAME)";
				SWIFT_EMIT_LOC_STRINGS = YES;
				SWIFT_VERSION = 5.0;
				TARGETED_DEVICE_FAMILY = "1,2";
			};
			name = Release;
		};
/* End XCBuildConfiguration section */

/* Begin XCConfigurationList section */
		C08D492429615AD80035A01D /* Build configuration list for PBXProject "Intermediate_06" */ = {
			isa = XCConfigurationList;
			buildConfigurations = (
				C08D493B29615AD90035A01D /* Debug */,
				C08D493C29615AD90035A01D /* Release */,
			);
			defaultConfigurationIsVisible = 0;
			defaultConfigurationName = Release;
		};
		C08D493D29615AD90035A01D /* Build configuration list for PBXNativeTarget "Intermediate_06" */ = {
			isa = XCConfigurationList;
			buildConfigurations = (
				C08D493E29615AD90035A01D /* Debug */,
				C08D493F29615AD90035A01D /* Release */,
			);
			defaultConfigurationIsVisible = 0;
			defaultConfigurationName = Release;
		};
/* End XCConfigurationList section */

/* Begin XCRemoteSwiftPackageReference section */
		C08D4942296162E20035A01D /* XCRemoteSwiftPackageReference "SnapKit" */ = {
			isa = XCRemoteSwiftPackageReference;
			repositoryURL = "https://github.com/SnapKit/SnapKit.git";
			requirement = {
				kind = upToNextMajorVersion;
				minimumVersion = 5.0.0;
			};
		};
/* End XCRemoteSwiftPackageReference section */

/* Begin XCSwiftPackageProductDependency section */
		C08D4943296162E20035A01D /* SnapKit */ = {
			isa = XCSwiftPackageProductDependency;
			package = C08D4942296162E20035A01D /* XCRemoteSwiftPackageReference "SnapKit" */;
			productName = SnapKit;
		};
/* End XCSwiftPackageProductDependency section */
	};
	rootObject = C08D492129615AD80035A01D /* Project object */;
}
